
Microsoft Visual Studio Solution File, Format Version 11.00
# Visual Studio 2010
Project("{FAE04EC0-301F-11D3-BF4B-00C04F79EFBC}") = "CSharpFITS", "CSharpFITS\CSharpFITS.csproj", "{93C93A99-D18F-495E-8AC9-6B6F6F7F273E}"
EndProject
Project("{FAE04EC0-301F-11D3-BF4B-00C04F79EFBC}") = "Tangra.SDK", "Tangra.SDK\Tangra.SDK.csproj", "{77CCC7AE-FF0D-4FDE-B8C4-94C39585BAA6}"
EndProject
Project("{FAE04EC0-301F-11D3-BF4B-00C04F79EFBC}") = "Tangra 3.Linux", "Tangra 3\Tangra 3.Linux.csproj", "{A5DB96B1-35BE-47F8-AA30-FB223E637E35}"
EndProject
Project("{FAE04EC0-301F-11D3-BF4B-00C04F79EFBC}") = "Tangra.Model", "Tangra.Model\Tangra.Model.csproj", "{70BBC9A7-7DD9-4A4D-B972-6665C65875C6}"
EndProject
Global
	GlobalSection(SolutionConfigurationPlatforms) = preSolution
		Debug|x86 = Debug|x86
		Release|x86 = Release|x86
	EndGlobalSection
	GlobalSection(ProjectConfigurationPlatforms) = postSolution
		{70BBC9A7-7DD9-4A4D-B972-6665C65875C6}.Debug|x86.ActiveCfg = Debug|x86
		{70BBC9A7-7DD9-4A4D-B972-6665C65875C6}.Debug|x86.Build.0 = Debug|x86
		{70BBC9A7-7DD9-4A4D-B972-6665C65875C6}.Release|x86.ActiveCfg = Debug|x86
		{70BBC9A7-7DD9-4A4D-B972-6665C65875C6}.Release|x86.Build.0 = Debug|x86
		{77CCC7AE-FF0D-4FDE-B8C4-94C39585BAA6}.Debug|x86.ActiveCfg = Debug|x86
		{77CCC7AE-FF0D-4FDE-B8C4-94C39585BAA6}.Debug|x86.Build.0 = Debug|x86
		{77CCC7AE-FF0D-4FDE-B8C4-94C39585BAA6}.Release|x86.ActiveCfg = Release|x86
		{77CCC7AE-FF0D-4FDE-B8C4-94C39585BAA6}.Release|x86.Build.0 = Release|x86
		{93C93A99-D18F-495E-8AC9-6B6F6F7F273E}.Debug|x86.ActiveCfg = Debug|x86
		{93C93A99-D18F-495E-8AC9-6B6F6F7F273E}.Debug|x86.Build.0 = Debug|x86
		{93C93A99-D18F-495E-8AC9-6B6F6F7F273E}.Release|x86.ActiveCfg = Release|x86
		{93C93A99-D18F-495E-8AC9-6B6F6F7F273E}.Release|x86.Build.0 = Release|x86
		{A5DB96B1-35BE-47F8-AA30-FB223E637E35}.Debug|x86.ActiveCfg = Debug|x86
		{A5DB96B1-35BE-47F8-AA30-FB223E637E35}.Debug|x86.Build.0 = Debug|x86
		{A5DB96B1-35BE-47F8-AA30-FB223E637E35}.Release|x86.ActiveCfg = Release|x86
		{A5DB96B1-35BE-47F8-AA30-FB223E637E35}.Release|x86.Build.0 = Release|x86
		{A1F10749-934F-4AE1-BFDB-66A23D8C1393}.AutomatedBuild|Any CPU.ActiveCfg = Release|Win32
		{A1F10749-934F-4AE1-BFDB-66A23D8C1393}.AutomatedBuild|Mixed Platforms.ActiveCfg = Release|Win32
		{A1F10749-934F-4AE1-BFDB-66A23D8C1393}.AutomatedBuild|Mixed Platforms.Build.0 = Release|Win32
		{A1F10749-934F-4AE1-BFDB-66A23D8C1393}.AutomatedBuild|Win32.ActiveCfg = Release|Win32
		{A1F10749-934F-4AE1-BFDB-66A23D8C1393}.AutomatedBuild|Win32.Build.0 = Release|Win32
		{A1F10749-934F-4AE1-BFDB-66A23D8C1393}.AutomatedBuild|x86.ActiveCfg = Release|Win32
		{A1F10749-934F-4AE1-BFDB-66A23D8C1393}.Debug|Any CPU.ActiveCfg = Debug|Win32
		{A1F10749-934F-4AE1-BFDB-66A23D8C1393}.Debug|Mixed Platforms.ActiveCfg = Debug|Win32
		{A1F10749-934F-4AE1-BFDB-66A23D8C1393}.Debug|Mixed Platforms.Build.0 = Debug|Win32
		{A1F10749-934F-4AE1-BFDB-66A23D8C1393}.Debug|Win32.ActiveCfg = Debug|Win32
		{A1F10749-934F-4AE1-BFDB-66A23D8C1393}.Debug|Win32.Build.0 = Debug|Win32
		{A1F10749-934F-4AE1-BFDB-66A23D8C1393}.Debug|x86.ActiveCfg = Debug|Win32
		{A1F10749-934F-4AE1-BFDB-66A23D8C1393}.Old Tangra|Any CPU.ActiveCfg = Release|Win32
		{A1F10749-934F-4AE1-BFDB-66A23D8C1393}.Old Tangra|Mixed Platforms.ActiveCfg = Release|Win32
		{A1F10749-934F-4AE1-BFDB-66A23D8C1393}.Old Tangra|Mixed Platforms.Build.0 = Release|Win32
		{A1F10749-934F-4AE1-BFDB-66A23D8C1393}.Old Tangra|Win32.ActiveCfg = Release|Win32
		{A1F10749-934F-4AE1-BFDB-66A23D8C1393}.Old Tangra|Win32.Build.0 = Release|Win32
		{A1F10749-934F-4AE1-BFDB-66A23D8C1393}.Old Tangra|x86.ActiveCfg = Release|Win32
		{A1F10749-934F-4AE1-BFDB-66A23D8C1393}.Production|Any CPU.ActiveCfg = Release|Win32
		{A1F10749-934F-4AE1-BFDB-66A23D8C1393}.Production|Mixed Platforms.ActiveCfg = Release|Win32
		{A1F10749-934F-4AE1-BFDB-66A23D8C1393}.Production|Mixed Platforms.Build.0 = Release|Win32
		{A1F10749-934F-4AE1-BFDB-66A23D8C1393}.Production|Win32.ActiveCfg = Release|Win32
		{A1F10749-934F-4AE1-BFDB-66A23D8C1393}.Production|Win32.Build.0 = Release|Win32
		{A1F10749-934F-4AE1-BFDB-66A23D8C1393}.Production|x86.ActiveCfg = Release|Win32
		{A1F10749-934F-4AE1-BFDB-66A23D8C1393}.Release|Any CPU.ActiveCfg = Release|Win32
		{A1F10749-934F-4AE1-BFDB-66A23D8C1393}.Release|Mixed Platforms.ActiveCfg = Release|Win32
		{A1F10749-934F-4AE1-BFDB-66A23D8C1393}.Release|Mixed Platforms.Build.0 = Release|Win32
		{A1F10749-934F-4AE1-BFDB-66A23D8C1393}.Release|Win32.ActiveCfg = Release|Win32
		{A1F10749-934F-4AE1-BFDB-66A23D8C1393}.Release|Win32.Build.0 = Release|Win32
		{A1F10749-934F-4AE1-BFDB-66A23D8C1393}.Release|x86.ActiveCfg = Release|Win32
		{A1F10749-934F-4AE1-BFDB-66A23D8C1393}.UnitTests|Any CPU.ActiveCfg = Release|Win32
		{A1F10749-934F-4AE1-BFDB-66A23D8C1393}.UnitTests|Mixed Platforms.ActiveCfg = Release|Win32
		{A1F10749-934F-4AE1-BFDB-66A23D8C1393}.UnitTests|Mixed Platforms.Build.0 = Release|Win32
		{A1F10749-934F-4AE1-BFDB-66A23D8C1393}.UnitTests|Win32.ActiveCfg = Release|Win32
		{A1F10749-934F-4AE1-BFDB-66A23D8C1393}.UnitTests|Win32.Build.0 = Release|Win32
		{A1F10749-934F-4AE1-BFDB-66A23D8C1393}.UnitTests|x86.ActiveCfg = Release|Win32
	EndGlobalSection
	GlobalSection(MonoDevelopProperties) = preSolution
		StartupItem = Tangra 3\Tangra 3.Linux.csproj
		Policies = $0
		$0.DotNetNamingPolicy = $1
		$1.DirectoryNamespaceAssociation = None
		$1.ResourceNamePolicy = FileFormatDefault
	EndGlobalSection
	GlobalSection(SolutionProperties) = preSolution
		HideSolutionNode = FALSE
	EndGlobalSection
EndGlobal
