
Microsoft Visual Studio Solution File, Format Version 11.00
# Visual Studio 2010
Project("{FAE04EC0-301F-11D3-BF4B-00C04F79EFBC}") = "CSharpFITS", "CSharpFITS\CSharpFITS.csproj", "{93C93A99-D18F-495E-8AC9-6B6F6F7F273E}"
EndProject
Project("{FAE04EC0-301F-11D3-BF4B-00C04F79EFBC}") = "Tangra.SDK", "Tangra.SDK\Tangra.SDK.csproj", "{77CCC7AE-FF0D-4FDE-B8C4-94C39585BAA6}"
EndProject
Project("{FAE04EC0-301F-11D3-BF4B-00C04F79EFBC}") = "Tangra 3.Windows", "Tangra 3\Tangra 3.Windows.csproj", "{A5DB96B1-35BE-47F8-AA30-FB223E637E35}"
	ProjectSection(ProjectDependencies) = postProject
		{A1F10749-934F-4AE1-BFDB-66A23D8C1393} = {A1F10749-934F-4AE1-BFDB-66A23D8C1393}
		{93C93A99-D18F-495E-8AC9-6B6F6F7F273E} = {93C93A99-D18F-495E-8AC9-6B6F6F7F273E}
		{77CCC7AE-FF0D-4FDE-B8C4-94C39585BAA6} = {77CCC7AE-FF0D-4FDE-B8C4-94C39585BAA6}
	EndProjectSection
EndProject
Project("{8BC9CEB8-8B4A-11D0-8D11-00A0C91BC942}") = "Tangra.Video", "Tangra.Video\Windows\Tangra.Video.vcxproj", "{A1F10749-934F-4AE1-BFDB-66A23D8C1393}"
EndProject
Project("{FAE04EC0-301F-11D3-BF4B-00C04F79EFBC}") = "Tangra.Model", "Tangra.Model\Tangra.Model.csproj", "{70BBC9A7-7DD9-4A4D-B972-6665C65875C6}"
EndProject
Global
	GlobalSection(SolutionConfigurationPlatforms) = preSolution
		Debug|Mixed Platforms = Debug|Mixed Platforms
		Release|Mixed Platforms = Release|Mixed Platforms
	EndGlobalSection
	GlobalSection(ProjectConfigurationPlatforms) = postSolution
		{93C93A99-D18F-495E-8AC9-6B6F6F7F273E}.Debug|Mixed Platforms.ActiveCfg = Debug|x86
		{93C93A99-D18F-495E-8AC9-6B6F6F7F273E}.Debug|Mixed Platforms.Build.0 = Debug|x86
		{93C93A99-D18F-495E-8AC9-6B6F6F7F273E}.Release|Mixed Platforms.ActiveCfg = Release|x86
		{93C93A99-D18F-495E-8AC9-6B6F6F7F273E}.Release|Mixed Platforms.Build.0 = Release|x86
		{77CCC7AE-FF0D-4FDE-B8C4-94C39585BAA6}.Debug|Mixed Platforms.ActiveCfg = Debug|x86
		{77CCC7AE-FF0D-4FDE-B8C4-94C39585BAA6}.Debug|Mixed Platforms.Build.0 = Debug|x86
		{77CCC7AE-FF0D-4FDE-B8C4-94C39585BAA6}.Release|Mixed Platforms.ActiveCfg = Release|x86
		{77CCC7AE-FF0D-4FDE-B8C4-94C39585BAA6}.Release|Mixed Platforms.Build.0 = Release|x86
		{A5DB96B1-35BE-47F8-AA30-FB223E637E35}.Debug|Mixed Platforms.ActiveCfg = Debug|x86
		{A5DB96B1-35BE-47F8-AA30-FB223E637E35}.Debug|Mixed Platforms.Build.0 = Debug|x86
		{A5DB96B1-35BE-47F8-AA30-FB223E637E35}.Release|Mixed Platforms.ActiveCfg = Release|x86
		{A5DB96B1-35BE-47F8-AA30-FB223E637E35}.Release|Mixed Platforms.Build.0 = Release|x86
		{A1F10749-934F-4AE1-BFDB-66A23D8C1393}.Debug|Mixed Platforms.ActiveCfg = Debug|Win32
		{A1F10749-934F-4AE1-BFDB-66A23D8C1393}.Debug|Mixed Platforms.Build.0 = Debug|Win32
		{A1F10749-934F-4AE1-BFDB-66A23D8C1393}.Release|Mixed Platforms.ActiveCfg = Release|Win32
		{A1F10749-934F-4AE1-BFDB-66A23D8C1393}.Release|Mixed Platforms.Build.0 = Release|Win32
		{70BBC9A7-7DD9-4A4D-B972-6665C65875C6}.Debug|Mixed Platforms.ActiveCfg = Debug|x86
		{70BBC9A7-7DD9-4A4D-B972-6665C65875C6}.Debug|Mixed Platforms.Build.0 = Debug|x86
		{70BBC9A7-7DD9-4A4D-B972-6665C65875C6}.Release|Mixed Platforms.ActiveCfg = Release|x86
		{70BBC9A7-7DD9-4A4D-B972-6665C65875C6}.Release|Mixed Platforms.Build.0 = Release|x86
	EndGlobalSection
	GlobalSection(SolutionProperties) = preSolution
		HideSolutionNode = FALSE
	EndGlobalSection
EndGlobal
