
Microsoft Visual Studio Solution File, Format Version 12.00
# Visual Studio 2012
Project("{FAE04EC0-301F-11D3-BF4B-00C04F79EFBC}") = "CSharpFITS", "CSharpFITS\CSharpFITS.csproj", "{93C93A99-D18F-495E-8AC9-6B6F6F7F273E}"
EndProject
Project("{FAE04EC0-301F-11D3-BF4B-00C04F79EFBC}") = "Tangra.Model", "Tangra.Model\Tangra.Model.csproj", "{70BBC9A7-7DD9-4A4D-B972-6665C65875C6}"
EndProject
Project("{FAE04EC0-301F-11D3-BF4B-00C04F79EFBC}") = "Tangra.Astrometry", "Tangra.Astrometry\Tangra.Astrometry.csproj", "{DD1AEA51-7B2F-483E-B2D2-A892762A405C}"
EndProject
Project("{FAE04EC0-301F-11D3-BF4B-00C04F79EFBC}") = "Tangra.OCR", "Tangra.OCR\Tangra.OCR.csproj", "{06024BC0-0061-4902-8C50-4EAB7913C8AA}"
EndProject
Project("{FAE04EC0-301F-11D3-BF4B-00C04F79EFBC}") = "Tangra.SDK", "Tangra.SDK\Tangra.SDK.csproj", "{BEA778EE-F0BE-49F3-BEE4-0B8ED2D778F9}"
EndProject
Project("{FAE04EC0-301F-11D3-BF4B-00C04F79EFBC}") = "Tangra 3.Linux", "Tangra 3\Tangra 3.Linux.csproj", "{A5DB96B1-35BE-47F8-AA30-FB223E637E35}"
EndProject
Global
	GlobalSection(SolutionConfigurationPlatforms) = preSolution
		AutomatedBuild|Any CPU = AutomatedBuild|Any CPU
		AutomatedBuild|x64 = AutomatedBuild|x64
		AutomatedBuild|x86 = AutomatedBuild|x86
		Debug|Any CPU = Debug|Any CPU
		Debug|x64 = Debug|x64
		Debug|x86 = Debug|x86
		Production|Any CPU = Production|Any CPU
		Production|x64 = Production|x64
		Production|x86 = Production|x86
		Release - Non Windows|Any CPU = Release - Non Windows|Any CPU
		Release - Non Windows|x64 = Release - Non Windows|x64
		Release - Non Windows|x86 = Release - Non Windows|x86
		Release|Any CPU = Release|Any CPU
		Release|x64 = Release|x64
		Release|x86 = Release|x86
		UnitTests|Any CPU = UnitTests|Any CPU
		UnitTests|x64 = UnitTests|x64
		UnitTests|x86 = UnitTests|x86
	EndGlobalSection
	GlobalSection(ProjectConfigurationPlatforms) = postSolution
		{93C93A99-D18F-495E-8AC9-6B6F6F7F273E}.AutomatedBuild|Any CPU.ActiveCfg = Debug|x86
		{93C93A99-D18F-495E-8AC9-6B6F6F7F273E}.AutomatedBuild|Any CPU.Build.0 = Debug|x86
		{93C93A99-D18F-495E-8AC9-6B6F6F7F273E}.AutomatedBuild|x64.ActiveCfg = Release|x64
		{93C93A99-D18F-495E-8AC9-6B6F6F7F273E}.AutomatedBuild|x64.Build.0 = Release|x64
		{93C93A99-D18F-495E-8AC9-6B6F6F7F273E}.AutomatedBuild|x86.ActiveCfg = Debug|x86
		{93C93A99-D18F-495E-8AC9-6B6F6F7F273E}.AutomatedBuild|x86.Build.0 = Debug|x86
		{93C93A99-D18F-495E-8AC9-6B6F6F7F273E}.Debug|Any CPU.ActiveCfg = Debug|x86
		{93C93A99-D18F-495E-8AC9-6B6F6F7F273E}.Debug|x64.ActiveCfg = Debug|x64
		{93C93A99-D18F-495E-8AC9-6B6F6F7F273E}.Debug|x64.Build.0 = Debug|x64
		{93C93A99-D18F-495E-8AC9-6B6F6F7F273E}.Debug|x86.ActiveCfg = Debug|x86
		{93C93A99-D18F-495E-8AC9-6B6F6F7F273E}.Debug|x86.Build.0 = Debug|x86
		{93C93A99-D18F-495E-8AC9-6B6F6F7F273E}.Production|Any CPU.ActiveCfg = Debug|x86
		{93C93A99-D18F-495E-8AC9-6B6F6F7F273E}.Production|Any CPU.Build.0 = Debug|x86
		{93C93A99-D18F-495E-8AC9-6B6F6F7F273E}.Production|x64.ActiveCfg = Release|x64
		{93C93A99-D18F-495E-8AC9-6B6F6F7F273E}.Production|x64.Build.0 = Release|x64
		{93C93A99-D18F-495E-8AC9-6B6F6F7F273E}.Production|x86.ActiveCfg = Debug|x86
		{93C93A99-D18F-495E-8AC9-6B6F6F7F273E}.Production|x86.Build.0 = Debug|x86
		{93C93A99-D18F-495E-8AC9-6B6F6F7F273E}.Release - Non Windows|Any CPU.ActiveCfg = Release - Non Windows|Any CPU
		{93C93A99-D18F-495E-8AC9-6B6F6F7F273E}.Release - Non Windows|Any CPU.Build.0 = Release - Non Windows|Any CPU
		{93C93A99-D18F-495E-8AC9-6B6F6F7F273E}.Release - Non Windows|x64.ActiveCfg = Release - Non Windows|x64
		{93C93A99-D18F-495E-8AC9-6B6F6F7F273E}.Release - Non Windows|x64.Build.0 = Release - Non Windows|x64
		{93C93A99-D18F-495E-8AC9-6B6F6F7F273E}.Release - Non Windows|x86.ActiveCfg = Release - Non Windows|x86
		{93C93A99-D18F-495E-8AC9-6B6F6F7F273E}.Release - Non Windows|x86.Build.0 = Release - Non Windows|x86
		{93C93A99-D18F-495E-8AC9-6B6F6F7F273E}.Release|Any CPU.ActiveCfg = Release|x86
		{93C93A99-D18F-495E-8AC9-6B6F6F7F273E}.Release|x64.ActiveCfg = Release|x64
		{93C93A99-D18F-495E-8AC9-6B6F6F7F273E}.Release|x64.Build.0 = Release|x64
		{93C93A99-D18F-495E-8AC9-6B6F6F7F273E}.Release|x86.ActiveCfg = Release|x86
		{93C93A99-D18F-495E-8AC9-6B6F6F7F273E}.Release|x86.Build.0 = Release|x86
		{93C93A99-D18F-495E-8AC9-6B6F6F7F273E}.UnitTests|Any CPU.ActiveCfg = Debug|x86
		{93C93A99-D18F-495E-8AC9-6B6F6F7F273E}.UnitTests|Any CPU.Build.0 = Debug|x86
		{93C93A99-D18F-495E-8AC9-6B6F6F7F273E}.UnitTests|x64.ActiveCfg = Release|x64
		{93C93A99-D18F-495E-8AC9-6B6F6F7F273E}.UnitTests|x64.Build.0 = Release|x64
		{93C93A99-D18F-495E-8AC9-6B6F6F7F273E}.UnitTests|x86.ActiveCfg = Debug|x86
		{93C93A99-D18F-495E-8AC9-6B6F6F7F273E}.UnitTests|x86.Build.0 = Debug|x86
		{70BBC9A7-7DD9-4A4D-B972-6665C65875C6}.AutomatedBuild|Any CPU.ActiveCfg = Debug|x86
		{70BBC9A7-7DD9-4A4D-B972-6665C65875C6}.AutomatedBuild|Any CPU.Build.0 = Debug|x86
		{70BBC9A7-7DD9-4A4D-B972-6665C65875C6}.AutomatedBuild|x64.ActiveCfg = Release|x64
		{70BBC9A7-7DD9-4A4D-B972-6665C65875C6}.AutomatedBuild|x64.Build.0 = Release|x64
		{70BBC9A7-7DD9-4A4D-B972-6665C65875C6}.AutomatedBuild|x86.ActiveCfg = Debug|x86
		{70BBC9A7-7DD9-4A4D-B972-6665C65875C6}.AutomatedBuild|x86.Build.0 = Debug|x86
		{70BBC9A7-7DD9-4A4D-B972-6665C65875C6}.Debug|Any CPU.ActiveCfg = Debug|x86
		{70BBC9A7-7DD9-4A4D-B972-6665C65875C6}.Debug|x64.ActiveCfg = Debug|x64
		{70BBC9A7-7DD9-4A4D-B972-6665C65875C6}.Debug|x64.Build.0 = Debug|x64
		{70BBC9A7-7DD9-4A4D-B972-6665C65875C6}.Debug|x86.ActiveCfg = Debug|x86
		{70BBC9A7-7DD9-4A4D-B972-6665C65875C6}.Debug|x86.Build.0 = Debug|x86
		{70BBC9A7-7DD9-4A4D-B972-6665C65875C6}.Production|Any CPU.ActiveCfg = Debug|x86
		{70BBC9A7-7DD9-4A4D-B972-6665C65875C6}.Production|Any CPU.Build.0 = Debug|x86
		{70BBC9A7-7DD9-4A4D-B972-6665C65875C6}.Production|x64.ActiveCfg = Release|x64
		{70BBC9A7-7DD9-4A4D-B972-6665C65875C6}.Production|x64.Build.0 = Release|x64
		{70BBC9A7-7DD9-4A4D-B972-6665C65875C6}.Production|x86.ActiveCfg = Debug|x86
		{70BBC9A7-7DD9-4A4D-B972-6665C65875C6}.Production|x86.Build.0 = Debug|x86
		{70BBC9A7-7DD9-4A4D-B972-6665C65875C6}.Release - Non Windows|Any CPU.ActiveCfg = Release - Non Windows|Any CPU
		{70BBC9A7-7DD9-4A4D-B972-6665C65875C6}.Release - Non Windows|Any CPU.Build.0 = Release - Non Windows|Any CPU
		{70BBC9A7-7DD9-4A4D-B972-6665C65875C6}.Release - Non Windows|x64.ActiveCfg = Release - Non Windows|x64
		{70BBC9A7-7DD9-4A4D-B972-6665C65875C6}.Release - Non Windows|x64.Build.0 = Release - Non Windows|x64
		{70BBC9A7-7DD9-4A4D-B972-6665C65875C6}.Release - Non Windows|x86.ActiveCfg = Release - Non Windows|x86
		{70BBC9A7-7DD9-4A4D-B972-6665C65875C6}.Release - Non Windows|x86.Build.0 = Release - Non Windows|x86
		{70BBC9A7-7DD9-4A4D-B972-6665C65875C6}.Release|Any CPU.ActiveCfg = Release|x86
		{70BBC9A7-7DD9-4A4D-B972-6665C65875C6}.Release|x64.ActiveCfg = Release|x64
		{70BBC9A7-7DD9-4A4D-B972-6665C65875C6}.Release|x64.Build.0 = Release|x64
		{70BBC9A7-7DD9-4A4D-B972-6665C65875C6}.Release|x86.ActiveCfg = Debug|x86
		{70BBC9A7-7DD9-4A4D-B972-6665C65875C6}.Release|x86.Build.0 = Debug|x86
		{70BBC9A7-7DD9-4A4D-B972-6665C65875C6}.UnitTests|Any CPU.ActiveCfg = Debug|x86
		{70BBC9A7-7DD9-4A4D-B972-6665C65875C6}.UnitTests|Any CPU.Build.0 = Debug|x86
		{70BBC9A7-7DD9-4A4D-B972-6665C65875C6}.UnitTests|x64.ActiveCfg = Release|x64
		{70BBC9A7-7DD9-4A4D-B972-6665C65875C6}.UnitTests|x64.Build.0 = Release|x64
		{70BBC9A7-7DD9-4A4D-B972-6665C65875C6}.UnitTests|x86.ActiveCfg = Debug|x86
		{70BBC9A7-7DD9-4A4D-B972-6665C65875C6}.UnitTests|x86.Build.0 = Debug|x86
		{DD1AEA51-7B2F-483E-B2D2-A892762A405C}.AutomatedBuild|Any CPU.ActiveCfg = AutomatedBuild|Any CPU
		{DD1AEA51-7B2F-483E-B2D2-A892762A405C}.AutomatedBuild|Any CPU.Build.0 = AutomatedBuild|Any CPU
		{DD1AEA51-7B2F-483E-B2D2-A892762A405C}.AutomatedBuild|x64.ActiveCfg = AutomatedBuild|Any CPU
		{DD1AEA51-7B2F-483E-B2D2-A892762A405C}.AutomatedBuild|x86.ActiveCfg = AutomatedBuild|x86
		{DD1AEA51-7B2F-483E-B2D2-A892762A405C}.AutomatedBuild|x86.Build.0 = AutomatedBuild|x86
		{DD1AEA51-7B2F-483E-B2D2-A892762A405C}.Debug|Any CPU.ActiveCfg = Debug|Any CPU
		{DD1AEA51-7B2F-483E-B2D2-A892762A405C}.Debug|Any CPU.Build.0 = Debug|Any CPU
		{DD1AEA51-7B2F-483E-B2D2-A892762A405C}.Debug|x64.ActiveCfg = Debug|Any CPU
		{DD1AEA51-7B2F-483E-B2D2-A892762A405C}.Debug|x64.Build.0 = Debug|Any CPU
		{DD1AEA51-7B2F-483E-B2D2-A892762A405C}.Debug|x86.ActiveCfg = Debug|x86
		{DD1AEA51-7B2F-483E-B2D2-A892762A405C}.Debug|x86.Build.0 = Debug|x86
		{DD1AEA51-7B2F-483E-B2D2-A892762A405C}.Production|Any CPU.ActiveCfg = Production|Any CPU
		{DD1AEA51-7B2F-483E-B2D2-A892762A405C}.Production|Any CPU.Build.0 = Production|Any CPU
		{DD1AEA51-7B2F-483E-B2D2-A892762A405C}.Production|x64.ActiveCfg = Production|Any CPU
		{DD1AEA51-7B2F-483E-B2D2-A892762A405C}.Production|x86.ActiveCfg = Production|x86
		{DD1AEA51-7B2F-483E-B2D2-A892762A405C}.Production|x86.Build.0 = Production|x86
		{DD1AEA51-7B2F-483E-B2D2-A892762A405C}.Release - Non Windows|Any CPU.ActiveCfg = Release - Non Windows|Any CPU
		{DD1AEA51-7B2F-483E-B2D2-A892762A405C}.Release - Non Windows|Any CPU.Build.0 = Release - Non Windows|Any CPU
		{DD1AEA51-7B2F-483E-B2D2-A892762A405C}.Release - Non Windows|x64.ActiveCfg = Debug|Any CPU
		{DD1AEA51-7B2F-483E-B2D2-A892762A405C}.Release - Non Windows|x64.Build.0 = Debug|Any CPU
		{DD1AEA51-7B2F-483E-B2D2-A892762A405C}.Release - Non Windows|x86.ActiveCfg = Debug|x86
		{DD1AEA51-7B2F-483E-B2D2-A892762A405C}.Release - Non Windows|x86.Build.0 = Debug|x86
		{DD1AEA51-7B2F-483E-B2D2-A892762A405C}.Release|Any CPU.ActiveCfg = Release|Any CPU
		{DD1AEA51-7B2F-483E-B2D2-A892762A405C}.Release|Any CPU.Build.0 = Release|Any CPU
		{DD1AEA51-7B2F-483E-B2D2-A892762A405C}.Release|x64.ActiveCfg = Release|Any CPU
		{DD1AEA51-7B2F-483E-B2D2-A892762A405C}.Release|x64.Build.0 = Release|Any CPU
		{DD1AEA51-7B2F-483E-B2D2-A892762A405C}.Release|x86.ActiveCfg = Release|x86
		{DD1AEA51-7B2F-483E-B2D2-A892762A405C}.Release|x86.Build.0 = Release|x86
		{DD1AEA51-7B2F-483E-B2D2-A892762A405C}.UnitTests|Any CPU.ActiveCfg = UnitTests|Any CPU
		{DD1AEA51-7B2F-483E-B2D2-A892762A405C}.UnitTests|Any CPU.Build.0 = UnitTests|Any CPU
		{DD1AEA51-7B2F-483E-B2D2-A892762A405C}.UnitTests|x64.ActiveCfg = UnitTests|Any CPU
		{DD1AEA51-7B2F-483E-B2D2-A892762A405C}.UnitTests|x86.ActiveCfg = UnitTests|x86
		{DD1AEA51-7B2F-483E-B2D2-A892762A405C}.UnitTests|x86.Build.0 = UnitTests|x86
		{06024BC0-0061-4902-8C50-4EAB7913C8AA}.AutomatedBuild|Any CPU.ActiveCfg = Debug|Any CPU
		{06024BC0-0061-4902-8C50-4EAB7913C8AA}.AutomatedBuild|Any CPU.Build.0 = Debug|Any CPU
		{06024BC0-0061-4902-8C50-4EAB7913C8AA}.AutomatedBuild|x64.ActiveCfg = Release|Any CPU
		{06024BC0-0061-4902-8C50-4EAB7913C8AA}.AutomatedBuild|x86.ActiveCfg = Debug|x86
		{06024BC0-0061-4902-8C50-4EAB7913C8AA}.AutomatedBuild|x86.Build.0 = Debug|x86
		{06024BC0-0061-4902-8C50-4EAB7913C8AA}.Debug|Any CPU.ActiveCfg = Debug|Any CPU
		{06024BC0-0061-4902-8C50-4EAB7913C8AA}.Debug|Any CPU.Build.0 = Debug|Any CPU
		{06024BC0-0061-4902-8C50-4EAB7913C8AA}.Debug|x64.ActiveCfg = Debug|Any CPU
		{06024BC0-0061-4902-8C50-4EAB7913C8AA}.Debug|x64.Build.0 = Debug|Any CPU
		{06024BC0-0061-4902-8C50-4EAB7913C8AA}.Debug|x86.ActiveCfg = Debug|x86
		{06024BC0-0061-4902-8C50-4EAB7913C8AA}.Debug|x86.Build.0 = Debug|x86
		{06024BC0-0061-4902-8C50-4EAB7913C8AA}.Production|Any CPU.ActiveCfg = Debug|Any CPU
		{06024BC0-0061-4902-8C50-4EAB7913C8AA}.Production|Any CPU.Build.0 = Debug|Any CPU
		{06024BC0-0061-4902-8C50-4EAB7913C8AA}.Production|x64.ActiveCfg = Release|Any CPU
		{06024BC0-0061-4902-8C50-4EAB7913C8AA}.Production|x86.ActiveCfg = Debug|x86
		{06024BC0-0061-4902-8C50-4EAB7913C8AA}.Production|x86.Build.0 = Debug|x86
		{06024BC0-0061-4902-8C50-4EAB7913C8AA}.Release - Non Windows|Any CPU.ActiveCfg = Release - Non Windows|Any CPU
		{06024BC0-0061-4902-8C50-4EAB7913C8AA}.Release - Non Windows|Any CPU.Build.0 = Release - Non Windows|Any CPU
		{06024BC0-0061-4902-8C50-4EAB7913C8AA}.Release - Non Windows|x64.ActiveCfg = Release - Non Windows|Any CPU
		{06024BC0-0061-4902-8C50-4EAB7913C8AA}.Release - Non Windows|x64.Build.0 = Release - Non Windows|Any CPU
		{06024BC0-0061-4902-8C50-4EAB7913C8AA}.Release - Non Windows|x86.ActiveCfg = Release - Non Windows|x86
		{06024BC0-0061-4902-8C50-4EAB7913C8AA}.Release - Non Windows|x86.Build.0 = Release - Non Windows|x86
		{06024BC0-0061-4902-8C50-4EAB7913C8AA}.Release|Any CPU.ActiveCfg = Release|Any CPU
		{06024BC0-0061-4902-8C50-4EAB7913C8AA}.Release|Any CPU.Build.0 = Release|Any CPU
		{06024BC0-0061-4902-8C50-4EAB7913C8AA}.Release|x64.ActiveCfg = Release|Any CPU
		{06024BC0-0061-4902-8C50-4EAB7913C8AA}.Release|x64.Build.0 = Release|Any CPU
		{06024BC0-0061-4902-8C50-4EAB7913C8AA}.Release|x86.ActiveCfg = Release|x86
		{06024BC0-0061-4902-8C50-4EAB7913C8AA}.Release|x86.Build.0 = Release|x86
		{06024BC0-0061-4902-8C50-4EAB7913C8AA}.UnitTests|Any CPU.ActiveCfg = Debug|Any CPU
		{06024BC0-0061-4902-8C50-4EAB7913C8AA}.UnitTests|Any CPU.Build.0 = Debug|Any CPU
		{06024BC0-0061-4902-8C50-4EAB7913C8AA}.UnitTests|x64.ActiveCfg = Release|Any CPU
		{06024BC0-0061-4902-8C50-4EAB7913C8AA}.UnitTests|x86.ActiveCfg = Debug|x86
		{06024BC0-0061-4902-8C50-4EAB7913C8AA}.UnitTests|x86.Build.0 = Debug|x86
		{BEA778EE-F0BE-49F3-BEE4-0B8ED2D778F9}.AutomatedBuild|Any CPU.ActiveCfg = Debug|x86
		{BEA778EE-F0BE-49F3-BEE4-0B8ED2D778F9}.AutomatedBuild|Any CPU.Build.0 = Debug|x86
		{BEA778EE-F0BE-49F3-BEE4-0B8ED2D778F9}.AutomatedBuild|x64.ActiveCfg = Release|Any CPU
		{BEA778EE-F0BE-49F3-BEE4-0B8ED2D778F9}.AutomatedBuild|x86.ActiveCfg = Debug|x86
		{BEA778EE-F0BE-49F3-BEE4-0B8ED2D778F9}.AutomatedBuild|x86.Build.0 = Debug|x86
		{BEA778EE-F0BE-49F3-BEE4-0B8ED2D778F9}.Debug|Any CPU.ActiveCfg = Debug|Any CPU
		{BEA778EE-F0BE-49F3-BEE4-0B8ED2D778F9}.Debug|Any CPU.Build.0 = Debug|Any CPU
		{BEA778EE-F0BE-49F3-BEE4-0B8ED2D778F9}.Debug|x64.ActiveCfg = Debug|Any CPU
		{BEA778EE-F0BE-49F3-BEE4-0B8ED2D778F9}.Debug|x64.Build.0 = Debug|Any CPU
		{BEA778EE-F0BE-49F3-BEE4-0B8ED2D778F9}.Debug|x86.ActiveCfg = Debug|x86
		{BEA778EE-F0BE-49F3-BEE4-0B8ED2D778F9}.Debug|x86.Build.0 = Debug|x86
		{BEA778EE-F0BE-49F3-BEE4-0B8ED2D778F9}.Production|Any CPU.ActiveCfg = Debug|x86
		{BEA778EE-F0BE-49F3-BEE4-0B8ED2D778F9}.Production|Any CPU.Build.0 = Debug|x86
		{BEA778EE-F0BE-49F3-BEE4-0B8ED2D778F9}.Production|x64.ActiveCfg = Release|Any CPU
		{BEA778EE-F0BE-49F3-BEE4-0B8ED2D778F9}.Production|x86.ActiveCfg = Debug|x86
		{BEA778EE-F0BE-49F3-BEE4-0B8ED2D778F9}.Production|x86.Build.0 = Debug|x86
		{BEA778EE-F0BE-49F3-BEE4-0B8ED2D778F9}.Release - Non Windows|Any CPU.ActiveCfg = Release - Non Windows|Any CPU
		{BEA778EE-F0BE-49F3-BEE4-0B8ED2D778F9}.Release - Non Windows|Any CPU.Build.0 = Release - Non Windows|Any CPU
		{BEA778EE-F0BE-49F3-BEE4-0B8ED2D778F9}.Release - Non Windows|x64.ActiveCfg = Release - Non Windows|Any CPU
		{BEA778EE-F0BE-49F3-BEE4-0B8ED2D778F9}.Release - Non Windows|x64.Build.0 = Release - Non Windows|Any CPU
		{BEA778EE-F0BE-49F3-BEE4-0B8ED2D778F9}.Release - Non Windows|x86.ActiveCfg = Release - Non Windows|x86
		{BEA778EE-F0BE-49F3-BEE4-0B8ED2D778F9}.Release - Non Windows|x86.Build.0 = Release - Non Windows|x86
		{BEA778EE-F0BE-49F3-BEE4-0B8ED2D778F9}.Release|Any CPU.ActiveCfg = Release|Any CPU
		{BEA778EE-F0BE-49F3-BEE4-0B8ED2D778F9}.Release|Any CPU.Build.0 = Release|Any CPU
		{BEA778EE-F0BE-49F3-BEE4-0B8ED2D778F9}.Release|x64.ActiveCfg = Release|Any CPU
		{BEA778EE-F0BE-49F3-BEE4-0B8ED2D778F9}.Release|x64.Build.0 = Release|Any CPU
		{BEA778EE-F0BE-49F3-BEE4-0B8ED2D778F9}.Release|x86.ActiveCfg = Release|x86
		{BEA778EE-F0BE-49F3-BEE4-0B8ED2D778F9}.Release|x86.Build.0 = Release|x86
		{BEA778EE-F0BE-49F3-BEE4-0B8ED2D778F9}.UnitTests|Any CPU.ActiveCfg = Debug|x86
		{BEA778EE-F0BE-49F3-BEE4-0B8ED2D778F9}.UnitTests|Any CPU.Build.0 = Debug|x86
		{BEA778EE-F0BE-49F3-BEE4-0B8ED2D778F9}.UnitTests|x64.ActiveCfg = Release|Any CPU
		{BEA778EE-F0BE-49F3-BEE4-0B8ED2D778F9}.UnitTests|x86.ActiveCfg = Debug|x86
		{BEA778EE-F0BE-49F3-BEE4-0B8ED2D778F9}.UnitTests|x86.Build.0 = Debug|x86
		{A5DB96B1-35BE-47F8-AA30-FB223E637E35}.AutomatedBuild|Any CPU.ActiveCfg = Debug|x86
		{A5DB96B1-35BE-47F8-AA30-FB223E637E35}.AutomatedBuild|Any CPU.Build.0 = Debug|x86
		{A5DB96B1-35BE-47F8-AA30-FB223E637E35}.AutomatedBuild|x64.ActiveCfg = Release|x64
		{A5DB96B1-35BE-47F8-AA30-FB223E637E35}.AutomatedBuild|x64.Build.0 = Release|x64
		{A5DB96B1-35BE-47F8-AA30-FB223E637E35}.AutomatedBuild|x86.ActiveCfg = Debug|x86
		{A5DB96B1-35BE-47F8-AA30-FB223E637E35}.AutomatedBuild|x86.Build.0 = Debug|x86
		{A5DB96B1-35BE-47F8-AA30-FB223E637E35}.Debug|Any CPU.ActiveCfg = Debug|x86
		{A5DB96B1-35BE-47F8-AA30-FB223E637E35}.Debug|x64.ActiveCfg = Debug|x64
		{A5DB96B1-35BE-47F8-AA30-FB223E637E35}.Debug|x64.Build.0 = Debug|x64
		{A5DB96B1-35BE-47F8-AA30-FB223E637E35}.Debug|x86.ActiveCfg = Debug|x86
		{A5DB96B1-35BE-47F8-AA30-FB223E637E35}.Debug|x86.Build.0 = Debug|x86
		{A5DB96B1-35BE-47F8-AA30-FB223E637E35}.Production|Any CPU.ActiveCfg = Debug|x86
		{A5DB96B1-35BE-47F8-AA30-FB223E637E35}.Production|Any CPU.Build.0 = Debug|x86
		{A5DB96B1-35BE-47F8-AA30-FB223E637E35}.Production|x64.ActiveCfg = Release|x64
		{A5DB96B1-35BE-47F8-AA30-FB223E637E35}.Production|x64.Build.0 = Release|x64
		{A5DB96B1-35BE-47F8-AA30-FB223E637E35}.Production|x86.ActiveCfg = Debug|x86
		{A5DB96B1-35BE-47F8-AA30-FB223E637E35}.Production|x86.Build.0 = Debug|x86
		{A5DB96B1-35BE-47F8-AA30-FB223E637E35}.Release - Non Windows|Any CPU.ActiveCfg = Release - Non Windows|Any CPU
		{A5DB96B1-35BE-47F8-AA30-FB223E637E35}.Release - Non Windows|Any CPU.Build.0 = Release - Non Windows|Any CPU
		{A5DB96B1-35BE-47F8-AA30-FB223E637E35}.Release - Non Windows|x64.ActiveCfg = Release - Non Windows|x64
		{A5DB96B1-35BE-47F8-AA30-FB223E637E35}.Release - Non Windows|x64.Build.0 = Release - Non Windows|x64
		{A5DB96B1-35BE-47F8-AA30-FB223E637E35}.Release - Non Windows|x86.ActiveCfg = Release - Non Windows|x86
		{A5DB96B1-35BE-47F8-AA30-FB223E637E35}.Release - Non Windows|x86.Build.0 = Release - Non Windows|x86
		{A5DB96B1-35BE-47F8-AA30-FB223E637E35}.Release|Any CPU.ActiveCfg = Release|x86
		{A5DB96B1-35BE-47F8-AA30-FB223E637E35}.Release|x64.ActiveCfg = Release|x64
		{A5DB96B1-35BE-47F8-AA30-FB223E637E35}.Release|x64.Build.0 = Release|x64
		{A5DB96B1-35BE-47F8-AA30-FB223E637E35}.Release|x86.ActiveCfg = Release|x86
		{A5DB96B1-35BE-47F8-AA30-FB223E637E35}.Release|x86.Build.0 = Release|x86
		{A5DB96B1-35BE-47F8-AA30-FB223E637E35}.UnitTests|Any CPU.ActiveCfg = Debug|x86
		{A5DB96B1-35BE-47F8-AA30-FB223E637E35}.UnitTests|Any CPU.Build.0 = Debug|x86
		{A5DB96B1-35BE-47F8-AA30-FB223E637E35}.UnitTests|x64.ActiveCfg = Release|x64
		{A5DB96B1-35BE-47F8-AA30-FB223E637E35}.UnitTests|x64.Build.0 = Release|x64
		{A5DB96B1-35BE-47F8-AA30-FB223E637E35}.UnitTests|x86.ActiveCfg = Debug|x86
		{A5DB96B1-35BE-47F8-AA30-FB223E637E35}.UnitTests|x86.Build.0 = Debug|x86
	EndGlobalSection
	GlobalSection(SolutionProperties) = preSolution
		HideSolutionNode = FALSE
	EndGlobalSection
	GlobalSection(MonoDevelopProperties) = preSolution
		Policies = $0
		$0.DotNetNamingPolicy = $1
		$1.DirectoryNamespaceAssociation = None
		$1.ResourceNamePolicy = FileFormatDefault
		StartupItem = Tangra 3\Tangra 3.Linux.csproj
	EndGlobalSection
EndGlobal
