
Microsoft Visual Studio Solution File, Format Version 11.00
# Visual Studio 2010
Project("{FAE04EC0-301F-11D3-BF4B-00C04F79EFBC}") = "CSharpFITS", "CSharpFITS\CSharpFITS.csproj", "{93C93A99-D18F-495E-8AC9-6B6F6F7F273E}"
EndProject
Project("{FAE04EC0-301F-11D3-BF4B-00C04F79EFBC}") = "Tangra.SDK", "Tangra.SDK\Tangra.SDK.csproj", "{77CCC7AE-FF0D-4FDE-B8C4-94C39585BAA6}"
EndProject
Project("{FAE04EC0-301F-11D3-BF4B-00C04F79EFBC}") = "Tangra 3", "Tangra 3\Tangra 3.csproj", "{A5DB96B1-35BE-47F8-AA30-FB223E637E35}"
	ProjectSection(ProjectDependencies) = postProject
		{A1F10749-934F-4AE1-BFDB-66A23D8C1393} = {A1F10749-934F-4AE1-BFDB-66A23D8C1393}
		{93C93A99-D18F-495E-8AC9-6B6F6F7F273E} = {93C93A99-D18F-495E-8AC9-6B6F6F7F273E}
		{77CCC7AE-FF0D-4FDE-B8C4-94C39585BAA6} = {77CCC7AE-FF0D-4FDE-B8C4-94C39585BAA6}
	EndProjectSection
EndProject
Project("{8BC9CEB8-8B4A-11D0-8D11-00A0C91BC942}") = "Tangra.Video", "Tangra.Video\Windows\Tangra.Video.vcxproj", "{A1F10749-934F-4AE1-BFDB-66A23D8C1393}"
EndProject
Global
	GlobalSection(SolutionConfigurationPlatforms) = preSolution
		AutomatedBuild|Any CPU = AutomatedBuild|Any CPU
		AutomatedBuild|Mixed Platforms = AutomatedBuild|Mixed Platforms
		AutomatedBuild|Win32 = AutomatedBuild|Win32
		AutomatedBuild|x86 = AutomatedBuild|x86
		Debug|Any CPU = Debug|Any CPU
		Debug|Mixed Platforms = Debug|Mixed Platforms
		Debug|Win32 = Debug|Win32
		Debug|x86 = Debug|x86
		Old Tangra|Any CPU = Old Tangra|Any CPU
		Old Tangra|Mixed Platforms = Old Tangra|Mixed Platforms
		Old Tangra|Win32 = Old Tangra|Win32
		Old Tangra|x86 = Old Tangra|x86
		Production|Any CPU = Production|Any CPU
		Production|Mixed Platforms = Production|Mixed Platforms
		Production|Win32 = Production|Win32
		Production|x86 = Production|x86
		Release|Any CPU = Release|Any CPU
		Release|Mixed Platforms = Release|Mixed Platforms
		Release|Win32 = Release|Win32
		Release|x86 = Release|x86
		UnitTests|Any CPU = UnitTests|Any CPU
		UnitTests|Mixed Platforms = UnitTests|Mixed Platforms
		UnitTests|Win32 = UnitTests|Win32
		UnitTests|x86 = UnitTests|x86
	EndGlobalSection
	GlobalSection(ProjectConfigurationPlatforms) = postSolution
		{93C93A99-D18F-495E-8AC9-6B6F6F7F273E}.AutomatedBuild|Any CPU.ActiveCfg = AutomatedBuild|Any CPU
		{93C93A99-D18F-495E-8AC9-6B6F6F7F273E}.AutomatedBuild|Any CPU.Build.0 = AutomatedBuild|Any CPU
		{93C93A99-D18F-495E-8AC9-6B6F6F7F273E}.AutomatedBuild|Mixed Platforms.ActiveCfg = AutomatedBuild|x86
		{93C93A99-D18F-495E-8AC9-6B6F6F7F273E}.AutomatedBuild|Mixed Platforms.Build.0 = AutomatedBuild|x86
		{93C93A99-D18F-495E-8AC9-6B6F6F7F273E}.AutomatedBuild|Win32.ActiveCfg = AutomatedBuild|x86
		{93C93A99-D18F-495E-8AC9-6B6F6F7F273E}.AutomatedBuild|x86.ActiveCfg = AutomatedBuild|x86
		{93C93A99-D18F-495E-8AC9-6B6F6F7F273E}.AutomatedBuild|x86.Build.0 = AutomatedBuild|x86
		{93C93A99-D18F-495E-8AC9-6B6F6F7F273E}.Debug|Any CPU.ActiveCfg = Debug|Any CPU
		{93C93A99-D18F-495E-8AC9-6B6F6F7F273E}.Debug|Any CPU.Build.0 = Debug|Any CPU
		{93C93A99-D18F-495E-8AC9-6B6F6F7F273E}.Debug|Mixed Platforms.ActiveCfg = Debug|x86
		{93C93A99-D18F-495E-8AC9-6B6F6F7F273E}.Debug|Mixed Platforms.Build.0 = Debug|x86
		{93C93A99-D18F-495E-8AC9-6B6F6F7F273E}.Debug|Win32.ActiveCfg = Debug|x86
		{93C93A99-D18F-495E-8AC9-6B6F6F7F273E}.Debug|x86.ActiveCfg = Debug|x86
		{93C93A99-D18F-495E-8AC9-6B6F6F7F273E}.Debug|x86.Build.0 = Debug|x86
		{93C93A99-D18F-495E-8AC9-6B6F6F7F273E}.Old Tangra|Any CPU.ActiveCfg = Old Tangra|Any CPU
		{93C93A99-D18F-495E-8AC9-6B6F6F7F273E}.Old Tangra|Any CPU.Build.0 = Old Tangra|Any CPU
		{93C93A99-D18F-495E-8AC9-6B6F6F7F273E}.Old Tangra|Mixed Platforms.ActiveCfg = Old Tangra|x86
		{93C93A99-D18F-495E-8AC9-6B6F6F7F273E}.Old Tangra|Mixed Platforms.Build.0 = Old Tangra|x86
		{93C93A99-D18F-495E-8AC9-6B6F6F7F273E}.Old Tangra|Win32.ActiveCfg = Old Tangra|x86
		{93C93A99-D18F-495E-8AC9-6B6F6F7F273E}.Old Tangra|x86.ActiveCfg = Old Tangra|x86
		{93C93A99-D18F-495E-8AC9-6B6F6F7F273E}.Old Tangra|x86.Build.0 = Old Tangra|x86
		{93C93A99-D18F-495E-8AC9-6B6F6F7F273E}.Production|Any CPU.ActiveCfg = Production|Any CPU
		{93C93A99-D18F-495E-8AC9-6B6F6F7F273E}.Production|Any CPU.Build.0 = Production|Any CPU
		{93C93A99-D18F-495E-8AC9-6B6F6F7F273E}.Production|Mixed Platforms.ActiveCfg = Production|x86
		{93C93A99-D18F-495E-8AC9-6B6F6F7F273E}.Production|Mixed Platforms.Build.0 = Production|x86
		{93C93A99-D18F-495E-8AC9-6B6F6F7F273E}.Production|Win32.ActiveCfg = Production|x86
		{93C93A99-D18F-495E-8AC9-6B6F6F7F273E}.Production|x86.ActiveCfg = Production|x86
		{93C93A99-D18F-495E-8AC9-6B6F6F7F273E}.Production|x86.Build.0 = Production|x86
		{93C93A99-D18F-495E-8AC9-6B6F6F7F273E}.Release|Any CPU.ActiveCfg = Release|Any CPU
		{93C93A99-D18F-495E-8AC9-6B6F6F7F273E}.Release|Any CPU.Build.0 = Release|Any CPU
		{93C93A99-D18F-495E-8AC9-6B6F6F7F273E}.Release|Mixed Platforms.ActiveCfg = Release|x86
		{93C93A99-D18F-495E-8AC9-6B6F6F7F273E}.Release|Mixed Platforms.Build.0 = Release|x86
		{93C93A99-D18F-495E-8AC9-6B6F6F7F273E}.Release|Win32.ActiveCfg = Release|x86
		{93C93A99-D18F-495E-8AC9-6B6F6F7F273E}.Release|x86.ActiveCfg = Release|x86
		{93C93A99-D18F-495E-8AC9-6B6F6F7F273E}.Release|x86.Build.0 = Release|x86
		{93C93A99-D18F-495E-8AC9-6B6F6F7F273E}.UnitTests|Any CPU.ActiveCfg = UnitTests|Any CPU
		{93C93A99-D18F-495E-8AC9-6B6F6F7F273E}.UnitTests|Any CPU.Build.0 = UnitTests|Any CPU
		{93C93A99-D18F-495E-8AC9-6B6F6F7F273E}.UnitTests|Mixed Platforms.ActiveCfg = UnitTests|x86
		{93C93A99-D18F-495E-8AC9-6B6F6F7F273E}.UnitTests|Mixed Platforms.Build.0 = UnitTests|x86
		{93C93A99-D18F-495E-8AC9-6B6F6F7F273E}.UnitTests|Win32.ActiveCfg = UnitTests|x86
		{93C93A99-D18F-495E-8AC9-6B6F6F7F273E}.UnitTests|x86.ActiveCfg = UnitTests|x86
		{93C93A99-D18F-495E-8AC9-6B6F6F7F273E}.UnitTests|x86.Build.0 = UnitTests|x86
		{77CCC7AE-FF0D-4FDE-B8C4-94C39585BAA6}.AutomatedBuild|Any CPU.ActiveCfg = AutomatedBuild|Any CPU
		{77CCC7AE-FF0D-4FDE-B8C4-94C39585BAA6}.AutomatedBuild|Any CPU.Build.0 = AutomatedBuild|Any CPU
		{77CCC7AE-FF0D-4FDE-B8C4-94C39585BAA6}.AutomatedBuild|Mixed Platforms.ActiveCfg = AutomatedBuild|x86
		{77CCC7AE-FF0D-4FDE-B8C4-94C39585BAA6}.AutomatedBuild|Mixed Platforms.Build.0 = AutomatedBuild|x86
		{77CCC7AE-FF0D-4FDE-B8C4-94C39585BAA6}.AutomatedBuild|Win32.ActiveCfg = AutomatedBuild|x86
		{77CCC7AE-FF0D-4FDE-B8C4-94C39585BAA6}.AutomatedBuild|x86.ActiveCfg = AutomatedBuild|x86
		{77CCC7AE-FF0D-4FDE-B8C4-94C39585BAA6}.AutomatedBuild|x86.Build.0 = AutomatedBuild|x86
		{77CCC7AE-FF0D-4FDE-B8C4-94C39585BAA6}.Debug|Any CPU.ActiveCfg = Debug|Any CPU
		{77CCC7AE-FF0D-4FDE-B8C4-94C39585BAA6}.Debug|Any CPU.Build.0 = Debug|Any CPU
		{77CCC7AE-FF0D-4FDE-B8C4-94C39585BAA6}.Debug|Mixed Platforms.ActiveCfg = Debug|x86
		{77CCC7AE-FF0D-4FDE-B8C4-94C39585BAA6}.Debug|Mixed Platforms.Build.0 = Debug|x86
		{77CCC7AE-FF0D-4FDE-B8C4-94C39585BAA6}.Debug|Win32.ActiveCfg = Debug|x86
		{77CCC7AE-FF0D-4FDE-B8C4-94C39585BAA6}.Debug|x86.ActiveCfg = Debug|x86
		{77CCC7AE-FF0D-4FDE-B8C4-94C39585BAA6}.Debug|x86.Build.0 = Debug|x86
		{77CCC7AE-FF0D-4FDE-B8C4-94C39585BAA6}.Old Tangra|Any CPU.ActiveCfg = AutomatedBuild|x86
		{77CCC7AE-FF0D-4FDE-B8C4-94C39585BAA6}.Old Tangra|Mixed Platforms.ActiveCfg = AutomatedBuild|x86
		{77CCC7AE-FF0D-4FDE-B8C4-94C39585BAA6}.Old Tangra|Mixed Platforms.Build.0 = AutomatedBuild|x86
		{77CCC7AE-FF0D-4FDE-B8C4-94C39585BAA6}.Old Tangra|Win32.ActiveCfg = AutomatedBuild|x86
		{77CCC7AE-FF0D-4FDE-B8C4-94C39585BAA6}.Old Tangra|x86.ActiveCfg = AutomatedBuild|x86
		{77CCC7AE-FF0D-4FDE-B8C4-94C39585BAA6}.Old Tangra|x86.Build.0 = AutomatedBuild|x86
		{77CCC7AE-FF0D-4FDE-B8C4-94C39585BAA6}.Production|Any CPU.ActiveCfg = AutomatedBuild|x86
		{77CCC7AE-FF0D-4FDE-B8C4-94C39585BAA6}.Production|Mixed Platforms.ActiveCfg = AutomatedBuild|x86
		{77CCC7AE-FF0D-4FDE-B8C4-94C39585BAA6}.Production|Mixed Platforms.Build.0 = AutomatedBuild|x86
		{77CCC7AE-FF0D-4FDE-B8C4-94C39585BAA6}.Production|Win32.ActiveCfg = AutomatedBuild|x86
		{77CCC7AE-FF0D-4FDE-B8C4-94C39585BAA6}.Production|x86.ActiveCfg = AutomatedBuild|x86
		{77CCC7AE-FF0D-4FDE-B8C4-94C39585BAA6}.Production|x86.Build.0 = AutomatedBuild|x86
		{77CCC7AE-FF0D-4FDE-B8C4-94C39585BAA6}.Release|Any CPU.ActiveCfg = Release|Any CPU
		{77CCC7AE-FF0D-4FDE-B8C4-94C39585BAA6}.Release|Any CPU.Build.0 = Release|Any CPU
		{77CCC7AE-FF0D-4FDE-B8C4-94C39585BAA6}.Release|Mixed Platforms.ActiveCfg = Release|x86
		{77CCC7AE-FF0D-4FDE-B8C4-94C39585BAA6}.Release|Mixed Platforms.Build.0 = Release|x86
		{77CCC7AE-FF0D-4FDE-B8C4-94C39585BAA6}.Release|Win32.ActiveCfg = Release|x86
		{77CCC7AE-FF0D-4FDE-B8C4-94C39585BAA6}.Release|x86.ActiveCfg = Release|x86
		{77CCC7AE-FF0D-4FDE-B8C4-94C39585BAA6}.Release|x86.Build.0 = Release|x86
		{77CCC7AE-FF0D-4FDE-B8C4-94C39585BAA6}.UnitTests|Any CPU.ActiveCfg = AutomatedBuild|x86
		{77CCC7AE-FF0D-4FDE-B8C4-94C39585BAA6}.UnitTests|Mixed Platforms.ActiveCfg = AutomatedBuild|x86
		{77CCC7AE-FF0D-4FDE-B8C4-94C39585BAA6}.UnitTests|Mixed Platforms.Build.0 = AutomatedBuild|x86
		{77CCC7AE-FF0D-4FDE-B8C4-94C39585BAA6}.UnitTests|Win32.ActiveCfg = AutomatedBuild|x86
		{77CCC7AE-FF0D-4FDE-B8C4-94C39585BAA6}.UnitTests|x86.ActiveCfg = AutomatedBuild|x86
		{77CCC7AE-FF0D-4FDE-B8C4-94C39585BAA6}.UnitTests|x86.Build.0 = AutomatedBuild|x86
		{A5DB96B1-35BE-47F8-AA30-FB223E637E35}.AutomatedBuild|Any CPU.ActiveCfg = Release|x86
		{A5DB96B1-35BE-47F8-AA30-FB223E637E35}.AutomatedBuild|Mixed Platforms.ActiveCfg = Release|x86
		{A5DB96B1-35BE-47F8-AA30-FB223E637E35}.AutomatedBuild|Mixed Platforms.Build.0 = Release|x86
		{A5DB96B1-35BE-47F8-AA30-FB223E637E35}.AutomatedBuild|Win32.ActiveCfg = Release|x86
		{A5DB96B1-35BE-47F8-AA30-FB223E637E35}.AutomatedBuild|x86.ActiveCfg = Release|x86
		{A5DB96B1-35BE-47F8-AA30-FB223E637E35}.AutomatedBuild|x86.Build.0 = Release|x86
		{A5DB96B1-35BE-47F8-AA30-FB223E637E35}.Debug|Any CPU.ActiveCfg = Debug|x86
		{A5DB96B1-35BE-47F8-AA30-FB223E637E35}.Debug|Mixed Platforms.ActiveCfg = Debug|x86
		{A5DB96B1-35BE-47F8-AA30-FB223E637E35}.Debug|Mixed Platforms.Build.0 = Debug|x86
		{A5DB96B1-35BE-47F8-AA30-FB223E637E35}.Debug|Win32.ActiveCfg = Debug|x86
		{A5DB96B1-35BE-47F8-AA30-FB223E637E35}.Debug|x86.ActiveCfg = Debug|x86
		{A5DB96B1-35BE-47F8-AA30-FB223E637E35}.Debug|x86.Build.0 = Debug|x86
		{A5DB96B1-35BE-47F8-AA30-FB223E637E35}.Old Tangra|Any CPU.ActiveCfg = Release|x86
		{A5DB96B1-35BE-47F8-AA30-FB223E637E35}.Old Tangra|Mixed Platforms.ActiveCfg = Release|x86
		{A5DB96B1-35BE-47F8-AA30-FB223E637E35}.Old Tangra|Mixed Platforms.Build.0 = Release|x86
		{A5DB96B1-35BE-47F8-AA30-FB223E637E35}.Old Tangra|Win32.ActiveCfg = Release|x86
		{A5DB96B1-35BE-47F8-AA30-FB223E637E35}.Old Tangra|x86.ActiveCfg = Release|x86
		{A5DB96B1-35BE-47F8-AA30-FB223E637E35}.Old Tangra|x86.Build.0 = Release|x86
		{A5DB96B1-35BE-47F8-AA30-FB223E637E35}.Production|Any CPU.ActiveCfg = Release|x86
		{A5DB96B1-35BE-47F8-AA30-FB223E637E35}.Production|Mixed Platforms.ActiveCfg = Release|x86
		{A5DB96B1-35BE-47F8-AA30-FB223E637E35}.Production|Mixed Platforms.Build.0 = Release|x86
		{A5DB96B1-35BE-47F8-AA30-FB223E637E35}.Production|Win32.ActiveCfg = Release|x86
		{A5DB96B1-35BE-47F8-AA30-FB223E637E35}.Production|x86.ActiveCfg = Release|x86
		{A5DB96B1-35BE-47F8-AA30-FB223E637E35}.Production|x86.Build.0 = Release|x86
		{A5DB96B1-35BE-47F8-AA30-FB223E637E35}.Release|Any CPU.ActiveCfg = Release|x86
		{A5DB96B1-35BE-47F8-AA30-FB223E637E35}.Release|Mixed Platforms.ActiveCfg = Release|x86
		{A5DB96B1-35BE-47F8-AA30-FB223E637E35}.Release|Mixed Platforms.Build.0 = Release|x86
		{A5DB96B1-35BE-47F8-AA30-FB223E637E35}.Release|Win32.ActiveCfg = Release|x86
		{A5DB96B1-35BE-47F8-AA30-FB223E637E35}.Release|x86.ActiveCfg = Release|x86
		{A5DB96B1-35BE-47F8-AA30-FB223E637E35}.Release|x86.Build.0 = Release|x86
		{A5DB96B1-35BE-47F8-AA30-FB223E637E35}.UnitTests|Any CPU.ActiveCfg = Release|x86
		{A5DB96B1-35BE-47F8-AA30-FB223E637E35}.UnitTests|Mixed Platforms.ActiveCfg = Release|x86
		{A5DB96B1-35BE-47F8-AA30-FB223E637E35}.UnitTests|Mixed Platforms.Build.0 = Release|x86
		{A5DB96B1-35BE-47F8-AA30-FB223E637E35}.UnitTests|Win32.ActiveCfg = Release|x86
		{A5DB96B1-35BE-47F8-AA30-FB223E637E35}.UnitTests|x86.ActiveCfg = Release|x86
		{A5DB96B1-35BE-47F8-AA30-FB223E637E35}.UnitTests|x86.Build.0 = Release|x86
		{A1F10749-934F-4AE1-BFDB-66A23D8C1393}.AutomatedBuild|Any CPU.ActiveCfg = Release|Win32
		{A1F10749-934F-4AE1-BFDB-66A23D8C1393}.AutomatedBuild|Mixed Platforms.ActiveCfg = Release|Win32
		{A1F10749-934F-4AE1-BFDB-66A23D8C1393}.AutomatedBuild|Mixed Platforms.Build.0 = Release|Win32
		{A1F10749-934F-4AE1-BFDB-66A23D8C1393}.AutomatedBuild|Win32.ActiveCfg = Release|Win32
		{A1F10749-934F-4AE1-BFDB-66A23D8C1393}.AutomatedBuild|Win32.Build.0 = Release|Win32
		{A1F10749-934F-4AE1-BFDB-66A23D8C1393}.AutomatedBuild|x86.ActiveCfg = Release|Win32
		{A1F10749-934F-4AE1-BFDB-66A23D8C1393}.Debug|Any CPU.ActiveCfg = Debug|Win32
		{A1F10749-934F-4AE1-BFDB-66A23D8C1393}.Debug|Mixed Platforms.ActiveCfg = Debug|Win32
		{A1F10749-934F-4AE1-BFDB-66A23D8C1393}.Debug|Mixed Platforms.Build.0 = Debug|Win32
		{A1F10749-934F-4AE1-BFDB-66A23D8C1393}.Debug|Win32.ActiveCfg = Debug|Win32
		{A1F10749-934F-4AE1-BFDB-66A23D8C1393}.Debug|Win32.Build.0 = Debug|Win32
		{A1F10749-934F-4AE1-BFDB-66A23D8C1393}.Debug|x86.ActiveCfg = Debug|Win32
		{A1F10749-934F-4AE1-BFDB-66A23D8C1393}.Old Tangra|Any CPU.ActiveCfg = Release|Win32
		{A1F10749-934F-4AE1-BFDB-66A23D8C1393}.Old Tangra|Mixed Platforms.ActiveCfg = Release|Win32
		{A1F10749-934F-4AE1-BFDB-66A23D8C1393}.Old Tangra|Mixed Platforms.Build.0 = Release|Win32
		{A1F10749-934F-4AE1-BFDB-66A23D8C1393}.Old Tangra|Win32.ActiveCfg = Release|Win32
		{A1F10749-934F-4AE1-BFDB-66A23D8C1393}.Old Tangra|Win32.Build.0 = Release|Win32
		{A1F10749-934F-4AE1-BFDB-66A23D8C1393}.Old Tangra|x86.ActiveCfg = Release|Win32
		{A1F10749-934F-4AE1-BFDB-66A23D8C1393}.Production|Any CPU.ActiveCfg = Release|Win32
		{A1F10749-934F-4AE1-BFDB-66A23D8C1393}.Production|Mixed Platforms.ActiveCfg = Release|Win32
		{A1F10749-934F-4AE1-BFDB-66A23D8C1393}.Production|Mixed Platforms.Build.0 = Release|Win32
		{A1F10749-934F-4AE1-BFDB-66A23D8C1393}.Production|Win32.ActiveCfg = Release|Win32
		{A1F10749-934F-4AE1-BFDB-66A23D8C1393}.Production|Win32.Build.0 = Release|Win32
		{A1F10749-934F-4AE1-BFDB-66A23D8C1393}.Production|x86.ActiveCfg = Release|Win32
		{A1F10749-934F-4AE1-BFDB-66A23D8C1393}.Release|Any CPU.ActiveCfg = Release|Win32
		{A1F10749-934F-4AE1-BFDB-66A23D8C1393}.Release|Mixed Platforms.ActiveCfg = Release|Win32
		{A1F10749-934F-4AE1-BFDB-66A23D8C1393}.Release|Mixed Platforms.Build.0 = Release|Win32
		{A1F10749-934F-4AE1-BFDB-66A23D8C1393}.Release|Win32.ActiveCfg = Release|Win32
		{A1F10749-934F-4AE1-BFDB-66A23D8C1393}.Release|Win32.Build.0 = Release|Win32
		{A1F10749-934F-4AE1-BFDB-66A23D8C1393}.Release|x86.ActiveCfg = Release|Win32
		{A1F10749-934F-4AE1-BFDB-66A23D8C1393}.UnitTests|Any CPU.ActiveCfg = Release|Win32
		{A1F10749-934F-4AE1-BFDB-66A23D8C1393}.UnitTests|Mixed Platforms.ActiveCfg = Release|Win32
		{A1F10749-934F-4AE1-BFDB-66A23D8C1393}.UnitTests|Mixed Platforms.Build.0 = Release|Win32
		{A1F10749-934F-4AE1-BFDB-66A23D8C1393}.UnitTests|Win32.ActiveCfg = Release|Win32
		{A1F10749-934F-4AE1-BFDB-66A23D8C1393}.UnitTests|Win32.Build.0 = Release|Win32
		{A1F10749-934F-4AE1-BFDB-66A23D8C1393}.UnitTests|x86.ActiveCfg = Release|Win32
	EndGlobalSection
	GlobalSection(SolutionProperties) = preSolution
		HideSolutionNode = FALSE
	EndGlobalSection
EndGlobal
