
Microsoft Visual Studio Solution File, Format Version 12.00
# Visual Studio 2012
Project("{FAE04EC0-301F-11D3-BF4B-00C04F79EFBC}") = "CSharpFITS", "CSharpFITS\CSharpFITS.csproj", "{93C93A99-D18F-495E-8AC9-6B6F6F7F273E}"
EndProject
Project("{FAE04EC0-301F-11D3-BF4B-00C04F79EFBC}") = "Tangra 3.Windows", "Tangra 3\Tangra 3.Windows.csproj", "{A5DB96B1-35BE-47F8-AA30-FB223E637E35}"
	ProjectSection(ProjectDependencies) = postProject
		{93C93A99-D18F-495E-8AC9-6B6F6F7F273E} = {93C93A99-D18F-495E-8AC9-6B6F6F7F273E}
	EndProjectSection
EndProject
Project("{FAE04EC0-301F-11D3-BF4B-00C04F79EFBC}") = "Tangra.Model", "Tangra.Model\Tangra.Model.csproj", "{70BBC9A7-7DD9-4A4D-B972-6665C65875C6}"
EndProject
Project("{FAE04EC0-301F-11D3-BF4B-00C04F79EFBC}") = "Tangra.SDK", "Tangra.SDK\Tangra.SDK.csproj", "{BEA778EE-F0BE-49F3-BEE4-0B8ED2D778F9}"
EndProject
Project("{FAE04EC0-301F-11D3-BF4B-00C04F79EFBC}") = "Tangra.Addins", "Tangra.Addins\Tangra.Addins.csproj", "{59953BA2-F96E-421D-BF36-257388AC33BF}"
EndProject
Project("{FAE04EC0-301F-11D3-BF4B-00C04F79EFBC}") = "AutoUpdate", "AutoUpdate\AutoUpdate.csproj", "{C4AD98C2-3E0A-4AB2-B7D1-31A5E13F2BDC}"
EndProject
Project("{FAE04EC0-301F-11D3-BF4B-00C04F79EFBC}") = "AutoUpdateSelfUpdate", "AutoUpdate\AutoUpdateSelfUpdate\AutoUpdateSelfUpdate.csproj", "{16959003-A7F6-424A-BB62-7E6914240F9B}"
EndProject
Project("{FAE04EC0-301F-11D3-BF4B-00C04F79EFBC}") = "Tangra.OccultTools", "Tangra.OccultTools\Tangra.OccultTools.csproj", "{ACB1F3E9-CCD9-4DD5-9ADC-A261B2BE6409}"
EndProject
Project("{FAE04EC0-301F-11D3-BF4B-00C04F79EFBC}") = "OcrTester", "OcrTester\OcrTester.csproj", "{184E33B1-B750-4181-B4E8-3A937106213F}"
EndProject
Project("{FAE04EC0-301F-11D3-BF4B-00C04F79EFBC}") = "Tangra.OCR", "Tangra.OCR\Tangra.OCR.csproj", "{06024BC0-0061-4902-8C50-4EAB7913C8AA}"
EndProject
Project("{FAE04EC0-301F-11D3-BF4B-00C04F79EFBC}") = "AdvLib", "AdvLib\AdvLib.csproj", "{2F43D637-ABE8-4DF9-B227-6990E02EDB2D}"
EndProject
Project("{FAE04EC0-301F-11D3-BF4B-00C04F79EFBC}") = "AdvLib.TestApp", "AdvLib.TestApp\AdvLib.TestApp.csproj", "{483EEF11-51FB-4828-A98B-FB16EF92D507}"
EndProject
Project("{8BC9CEB8-8B4A-11D0-8D11-00A0C91BC942}") = "AdvLib.Core", "AdvLib.Core\AdvLib.Core.vcxproj", "{D95C7815-F060-4023-99A1-865CE88FE3A5}"
EndProject
Global
	GlobalSection(SolutionConfigurationPlatforms) = preSolution
		Debug|Any CPU = Debug|Any CPU
		Debug|Mixed Platforms = Debug|Mixed Platforms
		Debug|Win32 = Debug|Win32
		Debug|x64 = Debug|x64
		Debug|x86 = Debug|x86
		Production|Any CPU = Production|Any CPU
		Production|Mixed Platforms = Production|Mixed Platforms
		Production|Win32 = Production|Win32
		Production|x64 = Production|x64
		Production|x86 = Production|x86
		Release|Any CPU = Release|Any CPU
		Release|Mixed Platforms = Release|Mixed Platforms
		Release|Win32 = Release|Win32
		Release|x64 = Release|x64
		Release|x86 = Release|x86
		UnitTests|Any CPU = UnitTests|Any CPU
		UnitTests|Mixed Platforms = UnitTests|Mixed Platforms
		UnitTests|Win32 = UnitTests|Win32
		UnitTests|x64 = UnitTests|x64
		UnitTests|x86 = UnitTests|x86
	EndGlobalSection
	GlobalSection(ProjectConfigurationPlatforms) = postSolution
		{93C93A99-D18F-495E-8AC9-6B6F6F7F273E}.Debug|Any CPU.ActiveCfg = Debug|x86
		{93C93A99-D18F-495E-8AC9-6B6F6F7F273E}.Debug|Mixed Platforms.ActiveCfg = Debug|x86
		{93C93A99-D18F-495E-8AC9-6B6F6F7F273E}.Debug|Mixed Platforms.Build.0 = Debug|x86
		{93C93A99-D18F-495E-8AC9-6B6F6F7F273E}.Debug|Win32.ActiveCfg = Debug|x86
		{93C93A99-D18F-495E-8AC9-6B6F6F7F273E}.Debug|Win32.Build.0 = Debug|x86
		{93C93A99-D18F-495E-8AC9-6B6F6F7F273E}.Debug|x64.ActiveCfg = Debug|x64
		{93C93A99-D18F-495E-8AC9-6B6F6F7F273E}.Debug|x64.Build.0 = Debug|x64
		{93C93A99-D18F-495E-8AC9-6B6F6F7F273E}.Debug|x86.ActiveCfg = Debug|x86
		{93C93A99-D18F-495E-8AC9-6B6F6F7F273E}.Debug|x86.Build.0 = Debug|x86
		{93C93A99-D18F-495E-8AC9-6B6F6F7F273E}.Production|Any CPU.ActiveCfg = Release|x86
		{93C93A99-D18F-495E-8AC9-6B6F6F7F273E}.Production|Mixed Platforms.ActiveCfg = Release|x86
		{93C93A99-D18F-495E-8AC9-6B6F6F7F273E}.Production|Mixed Platforms.Build.0 = Release|x86
		{93C93A99-D18F-495E-8AC9-6B6F6F7F273E}.Production|Win32.ActiveCfg = Release|x86
		{93C93A99-D18F-495E-8AC9-6B6F6F7F273E}.Production|Win32.Build.0 = Release|x86
		{93C93A99-D18F-495E-8AC9-6B6F6F7F273E}.Production|x64.ActiveCfg = Release|x64
		{93C93A99-D18F-495E-8AC9-6B6F6F7F273E}.Production|x64.Build.0 = Release|x64
		{93C93A99-D18F-495E-8AC9-6B6F6F7F273E}.Production|x86.ActiveCfg = Release|x86
		{93C93A99-D18F-495E-8AC9-6B6F6F7F273E}.Production|x86.Build.0 = Release|x86
		{93C93A99-D18F-495E-8AC9-6B6F6F7F273E}.Release|Any CPU.ActiveCfg = Release|x86
		{93C93A99-D18F-495E-8AC9-6B6F6F7F273E}.Release|Mixed Platforms.ActiveCfg = Release|x86
		{93C93A99-D18F-495E-8AC9-6B6F6F7F273E}.Release|Mixed Platforms.Build.0 = Release|x86
		{93C93A99-D18F-495E-8AC9-6B6F6F7F273E}.Release|Win32.ActiveCfg = Release|x86
		{93C93A99-D18F-495E-8AC9-6B6F6F7F273E}.Release|Win32.Build.0 = Release|x86
		{93C93A99-D18F-495E-8AC9-6B6F6F7F273E}.Release|x64.ActiveCfg = Release|x64
		{93C93A99-D18F-495E-8AC9-6B6F6F7F273E}.Release|x64.Build.0 = Release|x64
		{93C93A99-D18F-495E-8AC9-6B6F6F7F273E}.Release|x86.ActiveCfg = Release|x86
		{93C93A99-D18F-495E-8AC9-6B6F6F7F273E}.Release|x86.Build.0 = Release|x86
		{93C93A99-D18F-495E-8AC9-6B6F6F7F273E}.UnitTests|Any CPU.ActiveCfg = Release|x86
		{93C93A99-D18F-495E-8AC9-6B6F6F7F273E}.UnitTests|Mixed Platforms.ActiveCfg = Release|x86
		{93C93A99-D18F-495E-8AC9-6B6F6F7F273E}.UnitTests|Mixed Platforms.Build.0 = Release|x86
		{93C93A99-D18F-495E-8AC9-6B6F6F7F273E}.UnitTests|Win32.ActiveCfg = Release|x86
		{93C93A99-D18F-495E-8AC9-6B6F6F7F273E}.UnitTests|Win32.Build.0 = Release|x86
		{93C93A99-D18F-495E-8AC9-6B6F6F7F273E}.UnitTests|x64.ActiveCfg = Release|x64
		{93C93A99-D18F-495E-8AC9-6B6F6F7F273E}.UnitTests|x64.Build.0 = Release|x64
		{93C93A99-D18F-495E-8AC9-6B6F6F7F273E}.UnitTests|x86.ActiveCfg = Release|x86
		{93C93A99-D18F-495E-8AC9-6B6F6F7F273E}.UnitTests|x86.Build.0 = Release|x86
		{A5DB96B1-35BE-47F8-AA30-FB223E637E35}.Debug|Any CPU.ActiveCfg = Debug|x86
		{A5DB96B1-35BE-47F8-AA30-FB223E637E35}.Debug|Mixed Platforms.ActiveCfg = Debug|x86
		{A5DB96B1-35BE-47F8-AA30-FB223E637E35}.Debug|Mixed Platforms.Build.0 = Debug|x86
		{A5DB96B1-35BE-47F8-AA30-FB223E637E35}.Debug|Win32.ActiveCfg = Debug|x86
		{A5DB96B1-35BE-47F8-AA30-FB223E637E35}.Debug|Win32.Build.0 = Debug|x86
		{A5DB96B1-35BE-47F8-AA30-FB223E637E35}.Debug|x64.ActiveCfg = Debug|x64
		{A5DB96B1-35BE-47F8-AA30-FB223E637E35}.Debug|x64.Build.0 = Debug|x64
		{A5DB96B1-35BE-47F8-AA30-FB223E637E35}.Debug|x86.ActiveCfg = Debug|x86
		{A5DB96B1-35BE-47F8-AA30-FB223E637E35}.Debug|x86.Build.0 = Debug|x86
		{A5DB96B1-35BE-47F8-AA30-FB223E637E35}.Production|Any CPU.ActiveCfg = Release|x86
		{A5DB96B1-35BE-47F8-AA30-FB223E637E35}.Production|Mixed Platforms.ActiveCfg = Release|x86
		{A5DB96B1-35BE-47F8-AA30-FB223E637E35}.Production|Mixed Platforms.Build.0 = Release|x86
		{A5DB96B1-35BE-47F8-AA30-FB223E637E35}.Production|Win32.ActiveCfg = Release|x86
		{A5DB96B1-35BE-47F8-AA30-FB223E637E35}.Production|Win32.Build.0 = Release|x86
		{A5DB96B1-35BE-47F8-AA30-FB223E637E35}.Production|x64.ActiveCfg = Release|x64
		{A5DB96B1-35BE-47F8-AA30-FB223E637E35}.Production|x64.Build.0 = Release|x64
		{A5DB96B1-35BE-47F8-AA30-FB223E637E35}.Production|x86.ActiveCfg = Release|x86
		{A5DB96B1-35BE-47F8-AA30-FB223E637E35}.Production|x86.Build.0 = Release|x86
		{A5DB96B1-35BE-47F8-AA30-FB223E637E35}.Release|Any CPU.ActiveCfg = Release|x86
		{A5DB96B1-35BE-47F8-AA30-FB223E637E35}.Release|Mixed Platforms.ActiveCfg = Release|x86
		{A5DB96B1-35BE-47F8-AA30-FB223E637E35}.Release|Mixed Platforms.Build.0 = Release|x86
		{A5DB96B1-35BE-47F8-AA30-FB223E637E35}.Release|Win32.ActiveCfg = Release|x86
		{A5DB96B1-35BE-47F8-AA30-FB223E637E35}.Release|Win32.Build.0 = Release|x86
		{A5DB96B1-35BE-47F8-AA30-FB223E637E35}.Release|x64.ActiveCfg = Release|x64
		{A5DB96B1-35BE-47F8-AA30-FB223E637E35}.Release|x64.Build.0 = Release|x64
		{A5DB96B1-35BE-47F8-AA30-FB223E637E35}.Release|x86.ActiveCfg = Release|x86
		{A5DB96B1-35BE-47F8-AA30-FB223E637E35}.Release|x86.Build.0 = Release|x86
		{A5DB96B1-35BE-47F8-AA30-FB223E637E35}.UnitTests|Any CPU.ActiveCfg = Release|x86
		{A5DB96B1-35BE-47F8-AA30-FB223E637E35}.UnitTests|Mixed Platforms.ActiveCfg = Release|x86
		{A5DB96B1-35BE-47F8-AA30-FB223E637E35}.UnitTests|Mixed Platforms.Build.0 = Release|x86
		{A5DB96B1-35BE-47F8-AA30-FB223E637E35}.UnitTests|Win32.ActiveCfg = Release|x86
		{A5DB96B1-35BE-47F8-AA30-FB223E637E35}.UnitTests|Win32.Build.0 = Release|x86
		{A5DB96B1-35BE-47F8-AA30-FB223E637E35}.UnitTests|x64.ActiveCfg = Release|x64
		{A5DB96B1-35BE-47F8-AA30-FB223E637E35}.UnitTests|x64.Build.0 = Release|x64
		{A5DB96B1-35BE-47F8-AA30-FB223E637E35}.UnitTests|x86.ActiveCfg = Release|x86
		{A5DB96B1-35BE-47F8-AA30-FB223E637E35}.UnitTests|x86.Build.0 = Release|x86
		{70BBC9A7-7DD9-4A4D-B972-6665C65875C6}.Debug|Any CPU.ActiveCfg = Debug|x86
		{70BBC9A7-7DD9-4A4D-B972-6665C65875C6}.Debug|Mixed Platforms.ActiveCfg = Debug|x86
		{70BBC9A7-7DD9-4A4D-B972-6665C65875C6}.Debug|Mixed Platforms.Build.0 = Debug|x86
		{70BBC9A7-7DD9-4A4D-B972-6665C65875C6}.Debug|Win32.ActiveCfg = Debug|x86
		{70BBC9A7-7DD9-4A4D-B972-6665C65875C6}.Debug|Win32.Build.0 = Debug|x86
		{70BBC9A7-7DD9-4A4D-B972-6665C65875C6}.Debug|x64.ActiveCfg = Debug|x64
		{70BBC9A7-7DD9-4A4D-B972-6665C65875C6}.Debug|x64.Build.0 = Debug|x64
		{70BBC9A7-7DD9-4A4D-B972-6665C65875C6}.Debug|x86.ActiveCfg = Debug|x86
		{70BBC9A7-7DD9-4A4D-B972-6665C65875C6}.Debug|x86.Build.0 = Debug|x86
		{70BBC9A7-7DD9-4A4D-B972-6665C65875C6}.Production|Any CPU.ActiveCfg = Release|x86
		{70BBC9A7-7DD9-4A4D-B972-6665C65875C6}.Production|Mixed Platforms.ActiveCfg = Release|x86
		{70BBC9A7-7DD9-4A4D-B972-6665C65875C6}.Production|Mixed Platforms.Build.0 = Release|x86
		{70BBC9A7-7DD9-4A4D-B972-6665C65875C6}.Production|Win32.ActiveCfg = Release|x86
		{70BBC9A7-7DD9-4A4D-B972-6665C65875C6}.Production|Win32.Build.0 = Release|x86
		{70BBC9A7-7DD9-4A4D-B972-6665C65875C6}.Production|x64.ActiveCfg = Release|x64
		{70BBC9A7-7DD9-4A4D-B972-6665C65875C6}.Production|x64.Build.0 = Release|x64
		{70BBC9A7-7DD9-4A4D-B972-6665C65875C6}.Production|x86.ActiveCfg = Release|x86
		{70BBC9A7-7DD9-4A4D-B972-6665C65875C6}.Production|x86.Build.0 = Release|x86
		{70BBC9A7-7DD9-4A4D-B972-6665C65875C6}.Release|Any CPU.ActiveCfg = Release|x86
		{70BBC9A7-7DD9-4A4D-B972-6665C65875C6}.Release|Mixed Platforms.ActiveCfg = Release|x86
		{70BBC9A7-7DD9-4A4D-B972-6665C65875C6}.Release|Mixed Platforms.Build.0 = Release|x86
		{70BBC9A7-7DD9-4A4D-B972-6665C65875C6}.Release|Win32.ActiveCfg = Release|x86
		{70BBC9A7-7DD9-4A4D-B972-6665C65875C6}.Release|Win32.Build.0 = Release|x86
		{70BBC9A7-7DD9-4A4D-B972-6665C65875C6}.Release|x64.ActiveCfg = Release|x64
		{70BBC9A7-7DD9-4A4D-B972-6665C65875C6}.Release|x64.Build.0 = Release|x64
		{70BBC9A7-7DD9-4A4D-B972-6665C65875C6}.Release|x86.ActiveCfg = Release|x86
		{70BBC9A7-7DD9-4A4D-B972-6665C65875C6}.Release|x86.Build.0 = Release|x86
		{70BBC9A7-7DD9-4A4D-B972-6665C65875C6}.UnitTests|Any CPU.ActiveCfg = Release|x86
		{70BBC9A7-7DD9-4A4D-B972-6665C65875C6}.UnitTests|Mixed Platforms.ActiveCfg = Release|x86
		{70BBC9A7-7DD9-4A4D-B972-6665C65875C6}.UnitTests|Mixed Platforms.Build.0 = Release|x86
		{70BBC9A7-7DD9-4A4D-B972-6665C65875C6}.UnitTests|Win32.ActiveCfg = Release|x86
		{70BBC9A7-7DD9-4A4D-B972-6665C65875C6}.UnitTests|Win32.Build.0 = Release|x86
		{70BBC9A7-7DD9-4A4D-B972-6665C65875C6}.UnitTests|x64.ActiveCfg = Release|x64
		{70BBC9A7-7DD9-4A4D-B972-6665C65875C6}.UnitTests|x64.Build.0 = Release|x64
		{70BBC9A7-7DD9-4A4D-B972-6665C65875C6}.UnitTests|x86.ActiveCfg = Release|x86
		{70BBC9A7-7DD9-4A4D-B972-6665C65875C6}.UnitTests|x86.Build.0 = Release|x86
		{BEA778EE-F0BE-49F3-BEE4-0B8ED2D778F9}.Debug|Any CPU.ActiveCfg = Debug|Any CPU
		{BEA778EE-F0BE-49F3-BEE4-0B8ED2D778F9}.Debug|Any CPU.Build.0 = Debug|Any CPU
		{BEA778EE-F0BE-49F3-BEE4-0B8ED2D778F9}.Debug|Mixed Platforms.ActiveCfg = Debug|Any CPU
		{BEA778EE-F0BE-49F3-BEE4-0B8ED2D778F9}.Debug|Mixed Platforms.Build.0 = Debug|Any CPU
		{BEA778EE-F0BE-49F3-BEE4-0B8ED2D778F9}.Debug|Win32.ActiveCfg = Debug|x86
		{BEA778EE-F0BE-49F3-BEE4-0B8ED2D778F9}.Debug|Win32.Build.0 = Debug|x86
		{BEA778EE-F0BE-49F3-BEE4-0B8ED2D778F9}.Debug|x64.ActiveCfg = Debug|Any CPU
		{BEA778EE-F0BE-49F3-BEE4-0B8ED2D778F9}.Debug|x86.ActiveCfg = Debug|x86
		{BEA778EE-F0BE-49F3-BEE4-0B8ED2D778F9}.Debug|x86.Build.0 = Debug|x86
		{BEA778EE-F0BE-49F3-BEE4-0B8ED2D778F9}.Production|Any CPU.ActiveCfg = Release|Any CPU
		{BEA778EE-F0BE-49F3-BEE4-0B8ED2D778F9}.Production|Any CPU.Build.0 = Release|Any CPU
		{BEA778EE-F0BE-49F3-BEE4-0B8ED2D778F9}.Production|Mixed Platforms.ActiveCfg = Release|x86
		{BEA778EE-F0BE-49F3-BEE4-0B8ED2D778F9}.Production|Mixed Platforms.Build.0 = Release|x86
		{BEA778EE-F0BE-49F3-BEE4-0B8ED2D778F9}.Production|Win32.ActiveCfg = Release|x86
		{BEA778EE-F0BE-49F3-BEE4-0B8ED2D778F9}.Production|Win32.Build.0 = Release|x86
		{BEA778EE-F0BE-49F3-BEE4-0B8ED2D778F9}.Production|x64.ActiveCfg = Release|Any CPU
		{BEA778EE-F0BE-49F3-BEE4-0B8ED2D778F9}.Production|x86.ActiveCfg = Release|x86
		{BEA778EE-F0BE-49F3-BEE4-0B8ED2D778F9}.Production|x86.Build.0 = Release|x86
		{BEA778EE-F0BE-49F3-BEE4-0B8ED2D778F9}.Release|Any CPU.ActiveCfg = Release|Any CPU
		{BEA778EE-F0BE-49F3-BEE4-0B8ED2D778F9}.Release|Any CPU.Build.0 = Release|Any CPU
		{BEA778EE-F0BE-49F3-BEE4-0B8ED2D778F9}.Release|Mixed Platforms.ActiveCfg = Release|Any CPU
		{BEA778EE-F0BE-49F3-BEE4-0B8ED2D778F9}.Release|Mixed Platforms.Build.0 = Release|Any CPU
		{BEA778EE-F0BE-49F3-BEE4-0B8ED2D778F9}.Release|Win32.ActiveCfg = Release|x86
		{BEA778EE-F0BE-49F3-BEE4-0B8ED2D778F9}.Release|Win32.Build.0 = Release|x86
		{BEA778EE-F0BE-49F3-BEE4-0B8ED2D778F9}.Release|x64.ActiveCfg = Release|Any CPU
		{BEA778EE-F0BE-49F3-BEE4-0B8ED2D778F9}.Release|x86.ActiveCfg = Release|x86
		{BEA778EE-F0BE-49F3-BEE4-0B8ED2D778F9}.Release|x86.Build.0 = Release|x86
		{BEA778EE-F0BE-49F3-BEE4-0B8ED2D778F9}.UnitTests|Any CPU.ActiveCfg = Release|Any CPU
		{BEA778EE-F0BE-49F3-BEE4-0B8ED2D778F9}.UnitTests|Any CPU.Build.0 = Release|Any CPU
		{BEA778EE-F0BE-49F3-BEE4-0B8ED2D778F9}.UnitTests|Mixed Platforms.ActiveCfg = Release|x86
		{BEA778EE-F0BE-49F3-BEE4-0B8ED2D778F9}.UnitTests|Mixed Platforms.Build.0 = Release|x86
		{BEA778EE-F0BE-49F3-BEE4-0B8ED2D778F9}.UnitTests|Win32.ActiveCfg = Release|x86
		{BEA778EE-F0BE-49F3-BEE4-0B8ED2D778F9}.UnitTests|Win32.Build.0 = Release|x86
		{BEA778EE-F0BE-49F3-BEE4-0B8ED2D778F9}.UnitTests|x64.ActiveCfg = Release|Any CPU
		{BEA778EE-F0BE-49F3-BEE4-0B8ED2D778F9}.UnitTests|x86.ActiveCfg = Release|x86
		{BEA778EE-F0BE-49F3-BEE4-0B8ED2D778F9}.UnitTests|x86.Build.0 = Release|x86
		{59953BA2-F96E-421D-BF36-257388AC33BF}.Debug|Any CPU.ActiveCfg = Debug|Any CPU
		{59953BA2-F96E-421D-BF36-257388AC33BF}.Debug|Any CPU.Build.0 = Debug|Any CPU
		{59953BA2-F96E-421D-BF36-257388AC33BF}.Debug|Mixed Platforms.ActiveCfg = Debug|Any CPU
		{59953BA2-F96E-421D-BF36-257388AC33BF}.Debug|Mixed Platforms.Build.0 = Debug|Any CPU
		{59953BA2-F96E-421D-BF36-257388AC33BF}.Debug|Win32.ActiveCfg = Debug|x86
		{59953BA2-F96E-421D-BF36-257388AC33BF}.Debug|Win32.Build.0 = Debug|x86
		{59953BA2-F96E-421D-BF36-257388AC33BF}.Debug|x64.ActiveCfg = Debug|Any CPU
		{59953BA2-F96E-421D-BF36-257388AC33BF}.Debug|x86.ActiveCfg = Debug|x86
		{59953BA2-F96E-421D-BF36-257388AC33BF}.Debug|x86.Build.0 = Debug|x86
		{59953BA2-F96E-421D-BF36-257388AC33BF}.Production|Any CPU.ActiveCfg = Release|Any CPU
		{59953BA2-F96E-421D-BF36-257388AC33BF}.Production|Any CPU.Build.0 = Release|Any CPU
		{59953BA2-F96E-421D-BF36-257388AC33BF}.Production|Mixed Platforms.ActiveCfg = Release|x86
		{59953BA2-F96E-421D-BF36-257388AC33BF}.Production|Mixed Platforms.Build.0 = Release|x86
		{59953BA2-F96E-421D-BF36-257388AC33BF}.Production|Win32.ActiveCfg = Release|x86
		{59953BA2-F96E-421D-BF36-257388AC33BF}.Production|Win32.Build.0 = Release|x86
		{59953BA2-F96E-421D-BF36-257388AC33BF}.Production|x64.ActiveCfg = Release|Any CPU
		{59953BA2-F96E-421D-BF36-257388AC33BF}.Production|x86.ActiveCfg = Release|x86
		{59953BA2-F96E-421D-BF36-257388AC33BF}.Production|x86.Build.0 = Release|x86
		{59953BA2-F96E-421D-BF36-257388AC33BF}.Release|Any CPU.ActiveCfg = Release|Any CPU
		{59953BA2-F96E-421D-BF36-257388AC33BF}.Release|Any CPU.Build.0 = Release|Any CPU
		{59953BA2-F96E-421D-BF36-257388AC33BF}.Release|Mixed Platforms.ActiveCfg = Release|Any CPU
		{59953BA2-F96E-421D-BF36-257388AC33BF}.Release|Mixed Platforms.Build.0 = Release|Any CPU
		{59953BA2-F96E-421D-BF36-257388AC33BF}.Release|Win32.ActiveCfg = Release|x86
		{59953BA2-F96E-421D-BF36-257388AC33BF}.Release|Win32.Build.0 = Release|x86
		{59953BA2-F96E-421D-BF36-257388AC33BF}.Release|x64.ActiveCfg = Release|Any CPU
		{59953BA2-F96E-421D-BF36-257388AC33BF}.Release|x86.ActiveCfg = Release|x86
		{59953BA2-F96E-421D-BF36-257388AC33BF}.Release|x86.Build.0 = Release|x86
		{59953BA2-F96E-421D-BF36-257388AC33BF}.UnitTests|Any CPU.ActiveCfg = Release|Any CPU
		{59953BA2-F96E-421D-BF36-257388AC33BF}.UnitTests|Any CPU.Build.0 = Release|Any CPU
		{59953BA2-F96E-421D-BF36-257388AC33BF}.UnitTests|Mixed Platforms.ActiveCfg = Release|x86
		{59953BA2-F96E-421D-BF36-257388AC33BF}.UnitTests|Mixed Platforms.Build.0 = Release|x86
		{59953BA2-F96E-421D-BF36-257388AC33BF}.UnitTests|Win32.ActiveCfg = Release|x86
		{59953BA2-F96E-421D-BF36-257388AC33BF}.UnitTests|Win32.Build.0 = Release|x86
		{59953BA2-F96E-421D-BF36-257388AC33BF}.UnitTests|x64.ActiveCfg = Release|Any CPU
		{59953BA2-F96E-421D-BF36-257388AC33BF}.UnitTests|x86.ActiveCfg = Release|x86
		{59953BA2-F96E-421D-BF36-257388AC33BF}.UnitTests|x86.Build.0 = Release|x86
		{C4AD98C2-3E0A-4AB2-B7D1-31A5E13F2BDC}.Debug|Any CPU.ActiveCfg = Debug|Any CPU
		{C4AD98C2-3E0A-4AB2-B7D1-31A5E13F2BDC}.Debug|Any CPU.Build.0 = Debug|Any CPU
		{C4AD98C2-3E0A-4AB2-B7D1-31A5E13F2BDC}.Debug|Mixed Platforms.ActiveCfg = Debug|x86
		{C4AD98C2-3E0A-4AB2-B7D1-31A5E13F2BDC}.Debug|Mixed Platforms.Build.0 = Debug|x86
		{C4AD98C2-3E0A-4AB2-B7D1-31A5E13F2BDC}.Debug|Win32.ActiveCfg = Debug|x86
		{C4AD98C2-3E0A-4AB2-B7D1-31A5E13F2BDC}.Debug|Win32.Build.0 = Debug|x86
		{C4AD98C2-3E0A-4AB2-B7D1-31A5E13F2BDC}.Debug|x64.ActiveCfg = Debug|Any CPU
		{C4AD98C2-3E0A-4AB2-B7D1-31A5E13F2BDC}.Debug|x86.ActiveCfg = Debug|x86
		{C4AD98C2-3E0A-4AB2-B7D1-31A5E13F2BDC}.Debug|x86.Build.0 = Debug|x86
		{C4AD98C2-3E0A-4AB2-B7D1-31A5E13F2BDC}.Production|Any CPU.ActiveCfg = Production|Any CPU
		{C4AD98C2-3E0A-4AB2-B7D1-31A5E13F2BDC}.Production|Any CPU.Build.0 = Production|Any CPU
		{C4AD98C2-3E0A-4AB2-B7D1-31A5E13F2BDC}.Production|Mixed Platforms.ActiveCfg = Production|x86
		{C4AD98C2-3E0A-4AB2-B7D1-31A5E13F2BDC}.Production|Mixed Platforms.Build.0 = Production|x86
		{C4AD98C2-3E0A-4AB2-B7D1-31A5E13F2BDC}.Production|Win32.ActiveCfg = Production|x86
		{C4AD98C2-3E0A-4AB2-B7D1-31A5E13F2BDC}.Production|Win32.Build.0 = Production|x86
		{C4AD98C2-3E0A-4AB2-B7D1-31A5E13F2BDC}.Production|x64.ActiveCfg = Production|Any CPU
		{C4AD98C2-3E0A-4AB2-B7D1-31A5E13F2BDC}.Production|x86.ActiveCfg = Production|x86
		{C4AD98C2-3E0A-4AB2-B7D1-31A5E13F2BDC}.Production|x86.Build.0 = Production|x86
		{C4AD98C2-3E0A-4AB2-B7D1-31A5E13F2BDC}.Release|Any CPU.ActiveCfg = Release|Any CPU
		{C4AD98C2-3E0A-4AB2-B7D1-31A5E13F2BDC}.Release|Any CPU.Build.0 = Release|Any CPU
		{C4AD98C2-3E0A-4AB2-B7D1-31A5E13F2BDC}.Release|Mixed Platforms.ActiveCfg = Release|x86
		{C4AD98C2-3E0A-4AB2-B7D1-31A5E13F2BDC}.Release|Mixed Platforms.Build.0 = Release|x86
		{C4AD98C2-3E0A-4AB2-B7D1-31A5E13F2BDC}.Release|Win32.ActiveCfg = Release|x86
		{C4AD98C2-3E0A-4AB2-B7D1-31A5E13F2BDC}.Release|Win32.Build.0 = Release|x86
		{C4AD98C2-3E0A-4AB2-B7D1-31A5E13F2BDC}.Release|x64.ActiveCfg = Release|Any CPU
		{C4AD98C2-3E0A-4AB2-B7D1-31A5E13F2BDC}.Release|x86.ActiveCfg = Release|x86
		{C4AD98C2-3E0A-4AB2-B7D1-31A5E13F2BDC}.Release|x86.Build.0 = Release|x86
		{C4AD98C2-3E0A-4AB2-B7D1-31A5E13F2BDC}.UnitTests|Any CPU.ActiveCfg = UnitTests|Any CPU
		{C4AD98C2-3E0A-4AB2-B7D1-31A5E13F2BDC}.UnitTests|Any CPU.Build.0 = UnitTests|Any CPU
		{C4AD98C2-3E0A-4AB2-B7D1-31A5E13F2BDC}.UnitTests|Mixed Platforms.ActiveCfg = UnitTests|x86
		{C4AD98C2-3E0A-4AB2-B7D1-31A5E13F2BDC}.UnitTests|Mixed Platforms.Build.0 = UnitTests|x86
		{C4AD98C2-3E0A-4AB2-B7D1-31A5E13F2BDC}.UnitTests|Win32.ActiveCfg = UnitTests|x86
		{C4AD98C2-3E0A-4AB2-B7D1-31A5E13F2BDC}.UnitTests|Win32.Build.0 = UnitTests|x86
		{C4AD98C2-3E0A-4AB2-B7D1-31A5E13F2BDC}.UnitTests|x64.ActiveCfg = UnitTests|Any CPU
		{C4AD98C2-3E0A-4AB2-B7D1-31A5E13F2BDC}.UnitTests|x86.ActiveCfg = UnitTests|x86
		{C4AD98C2-3E0A-4AB2-B7D1-31A5E13F2BDC}.UnitTests|x86.Build.0 = UnitTests|x86
		{16959003-A7F6-424A-BB62-7E6914240F9B}.Debug|Any CPU.ActiveCfg = Debug|Any CPU
		{16959003-A7F6-424A-BB62-7E6914240F9B}.Debug|Any CPU.Build.0 = Debug|Any CPU
		{16959003-A7F6-424A-BB62-7E6914240F9B}.Debug|Mixed Platforms.ActiveCfg = Debug|x86
		{16959003-A7F6-424A-BB62-7E6914240F9B}.Debug|Mixed Platforms.Build.0 = Debug|x86
		{16959003-A7F6-424A-BB62-7E6914240F9B}.Debug|Win32.ActiveCfg = Debug|x86
		{16959003-A7F6-424A-BB62-7E6914240F9B}.Debug|Win32.Build.0 = Debug|x86
		{16959003-A7F6-424A-BB62-7E6914240F9B}.Debug|x64.ActiveCfg = Debug|x64
		{16959003-A7F6-424A-BB62-7E6914240F9B}.Debug|x64.Build.0 = Debug|x64
		{16959003-A7F6-424A-BB62-7E6914240F9B}.Debug|x86.ActiveCfg = Debug|x86
		{16959003-A7F6-424A-BB62-7E6914240F9B}.Debug|x86.Build.0 = Debug|x86
		{16959003-A7F6-424A-BB62-7E6914240F9B}.Production|Any CPU.ActiveCfg = Production|Any CPU
		{16959003-A7F6-424A-BB62-7E6914240F9B}.Production|Any CPU.Build.0 = Production|Any CPU
		{16959003-A7F6-424A-BB62-7E6914240F9B}.Production|Mixed Platforms.ActiveCfg = Production|x86
		{16959003-A7F6-424A-BB62-7E6914240F9B}.Production|Mixed Platforms.Build.0 = Production|x86
		{16959003-A7F6-424A-BB62-7E6914240F9B}.Production|Win32.ActiveCfg = Production|x86
		{16959003-A7F6-424A-BB62-7E6914240F9B}.Production|Win32.Build.0 = Production|x86
		{16959003-A7F6-424A-BB62-7E6914240F9B}.Production|x64.ActiveCfg = Production|x64
		{16959003-A7F6-424A-BB62-7E6914240F9B}.Production|x64.Build.0 = Production|x64
		{16959003-A7F6-424A-BB62-7E6914240F9B}.Production|x86.ActiveCfg = Production|x86
		{16959003-A7F6-424A-BB62-7E6914240F9B}.Production|x86.Build.0 = Production|x86
		{16959003-A7F6-424A-BB62-7E6914240F9B}.Release|Any CPU.ActiveCfg = Release|Any CPU
		{16959003-A7F6-424A-BB62-7E6914240F9B}.Release|Any CPU.Build.0 = Release|Any CPU
		{16959003-A7F6-424A-BB62-7E6914240F9B}.Release|Mixed Platforms.ActiveCfg = Release|x86
		{16959003-A7F6-424A-BB62-7E6914240F9B}.Release|Mixed Platforms.Build.0 = Release|x86
		{16959003-A7F6-424A-BB62-7E6914240F9B}.Release|Win32.ActiveCfg = Release|x86
		{16959003-A7F6-424A-BB62-7E6914240F9B}.Release|Win32.Build.0 = Release|x86
		{16959003-A7F6-424A-BB62-7E6914240F9B}.Release|x64.ActiveCfg = Release|x64
		{16959003-A7F6-424A-BB62-7E6914240F9B}.Release|x64.Build.0 = Release|x64
		{16959003-A7F6-424A-BB62-7E6914240F9B}.Release|x86.ActiveCfg = Release|x86
		{16959003-A7F6-424A-BB62-7E6914240F9B}.Release|x86.Build.0 = Release|x86
		{16959003-A7F6-424A-BB62-7E6914240F9B}.UnitTests|Any CPU.ActiveCfg = UnitTests|Any CPU
		{16959003-A7F6-424A-BB62-7E6914240F9B}.UnitTests|Any CPU.Build.0 = UnitTests|Any CPU
		{16959003-A7F6-424A-BB62-7E6914240F9B}.UnitTests|Mixed Platforms.ActiveCfg = UnitTests|x86
		{16959003-A7F6-424A-BB62-7E6914240F9B}.UnitTests|Mixed Platforms.Build.0 = UnitTests|x86
		{16959003-A7F6-424A-BB62-7E6914240F9B}.UnitTests|Win32.ActiveCfg = UnitTests|x86
		{16959003-A7F6-424A-BB62-7E6914240F9B}.UnitTests|Win32.Build.0 = UnitTests|x86
		{16959003-A7F6-424A-BB62-7E6914240F9B}.UnitTests|x64.ActiveCfg = UnitTests|x64
		{16959003-A7F6-424A-BB62-7E6914240F9B}.UnitTests|x64.Build.0 = UnitTests|x64
		{16959003-A7F6-424A-BB62-7E6914240F9B}.UnitTests|x86.ActiveCfg = UnitTests|x86
		{16959003-A7F6-424A-BB62-7E6914240F9B}.UnitTests|x86.Build.0 = UnitTests|x86
		{ACB1F3E9-CCD9-4DD5-9ADC-A261B2BE6409}.Debug|Any CPU.ActiveCfg = Debug|Any CPU
		{ACB1F3E9-CCD9-4DD5-9ADC-A261B2BE6409}.Debug|Any CPU.Build.0 = Debug|Any CPU
		{ACB1F3E9-CCD9-4DD5-9ADC-A261B2BE6409}.Debug|Mixed Platforms.ActiveCfg = Debug|Any CPU
		{ACB1F3E9-CCD9-4DD5-9ADC-A261B2BE6409}.Debug|Mixed Platforms.Build.0 = Debug|Any CPU
		{ACB1F3E9-CCD9-4DD5-9ADC-A261B2BE6409}.Debug|Win32.ActiveCfg = Debug|x86
		{ACB1F3E9-CCD9-4DD5-9ADC-A261B2BE6409}.Debug|Win32.Build.0 = Debug|x86
		{ACB1F3E9-CCD9-4DD5-9ADC-A261B2BE6409}.Debug|x64.ActiveCfg = Debug|Any CPU
		{ACB1F3E9-CCD9-4DD5-9ADC-A261B2BE6409}.Debug|x86.ActiveCfg = Debug|x86
		{ACB1F3E9-CCD9-4DD5-9ADC-A261B2BE6409}.Debug|x86.Build.0 = Debug|x86
		{ACB1F3E9-CCD9-4DD5-9ADC-A261B2BE6409}.Production|Any CPU.ActiveCfg = Release|Any CPU
		{ACB1F3E9-CCD9-4DD5-9ADC-A261B2BE6409}.Production|Any CPU.Build.0 = Release|Any CPU
		{ACB1F3E9-CCD9-4DD5-9ADC-A261B2BE6409}.Production|Mixed Platforms.ActiveCfg = Release|Any CPU
		{ACB1F3E9-CCD9-4DD5-9ADC-A261B2BE6409}.Production|Mixed Platforms.Build.0 = Release|Any CPU
		{ACB1F3E9-CCD9-4DD5-9ADC-A261B2BE6409}.Production|Win32.ActiveCfg = Release|x86
		{ACB1F3E9-CCD9-4DD5-9ADC-A261B2BE6409}.Production|Win32.Build.0 = Release|x86
		{ACB1F3E9-CCD9-4DD5-9ADC-A261B2BE6409}.Production|x64.ActiveCfg = Release|Any CPU
		{ACB1F3E9-CCD9-4DD5-9ADC-A261B2BE6409}.Production|x86.ActiveCfg = Release|Any CPU
		{ACB1F3E9-CCD9-4DD5-9ADC-A261B2BE6409}.Release|Any CPU.ActiveCfg = Release|Any CPU
		{ACB1F3E9-CCD9-4DD5-9ADC-A261B2BE6409}.Release|Any CPU.Build.0 = Release|Any CPU
		{ACB1F3E9-CCD9-4DD5-9ADC-A261B2BE6409}.Release|Mixed Platforms.ActiveCfg = Release|Any CPU
		{ACB1F3E9-CCD9-4DD5-9ADC-A261B2BE6409}.Release|Mixed Platforms.Build.0 = Release|Any CPU
		{ACB1F3E9-CCD9-4DD5-9ADC-A261B2BE6409}.Release|Win32.ActiveCfg = Release|x86
		{ACB1F3E9-CCD9-4DD5-9ADC-A261B2BE6409}.Release|Win32.Build.0 = Release|x86
		{ACB1F3E9-CCD9-4DD5-9ADC-A261B2BE6409}.Release|x64.ActiveCfg = Release|Any CPU
		{ACB1F3E9-CCD9-4DD5-9ADC-A261B2BE6409}.Release|x86.ActiveCfg = Release|x86
		{ACB1F3E9-CCD9-4DD5-9ADC-A261B2BE6409}.Release|x86.Build.0 = Release|x86
		{ACB1F3E9-CCD9-4DD5-9ADC-A261B2BE6409}.UnitTests|Any CPU.ActiveCfg = Release|Any CPU
		{ACB1F3E9-CCD9-4DD5-9ADC-A261B2BE6409}.UnitTests|Any CPU.Build.0 = Release|Any CPU
		{ACB1F3E9-CCD9-4DD5-9ADC-A261B2BE6409}.UnitTests|Mixed Platforms.ActiveCfg = Release|Any CPU
		{ACB1F3E9-CCD9-4DD5-9ADC-A261B2BE6409}.UnitTests|Mixed Platforms.Build.0 = Release|Any CPU
		{ACB1F3E9-CCD9-4DD5-9ADC-A261B2BE6409}.UnitTests|Win32.ActiveCfg = Release|x86
		{ACB1F3E9-CCD9-4DD5-9ADC-A261B2BE6409}.UnitTests|Win32.Build.0 = Release|x86
		{ACB1F3E9-CCD9-4DD5-9ADC-A261B2BE6409}.UnitTests|x64.ActiveCfg = Release|Any CPU
		{ACB1F3E9-CCD9-4DD5-9ADC-A261B2BE6409}.UnitTests|x86.ActiveCfg = Release|Any CPU
		{184E33B1-B750-4181-B4E8-3A937106213F}.Debug|Any CPU.ActiveCfg = Debug|Any CPU
		{184E33B1-B750-4181-B4E8-3A937106213F}.Debug|Any CPU.Build.0 = Debug|Any CPU
		{184E33B1-B750-4181-B4E8-3A937106213F}.Debug|Mixed Platforms.ActiveCfg = Debug|Any CPU
		{184E33B1-B750-4181-B4E8-3A937106213F}.Debug|Mixed Platforms.Build.0 = Debug|Any CPU
		{184E33B1-B750-4181-B4E8-3A937106213F}.Debug|Win32.ActiveCfg = Debug|Any CPU
		{184E33B1-B750-4181-B4E8-3A937106213F}.Debug|x64.ActiveCfg = Debug|Any CPU
		{184E33B1-B750-4181-B4E8-3A937106213F}.Debug|x86.ActiveCfg = Debug|Any CPU
		{184E33B1-B750-4181-B4E8-3A937106213F}.Production|Any CPU.ActiveCfg = Release|Any CPU
		{184E33B1-B750-4181-B4E8-3A937106213F}.Production|Any CPU.Build.0 = Release|Any CPU
		{184E33B1-B750-4181-B4E8-3A937106213F}.Production|Mixed Platforms.ActiveCfg = Release|Any CPU
		{184E33B1-B750-4181-B4E8-3A937106213F}.Production|Mixed Platforms.Build.0 = Release|Any CPU
		{184E33B1-B750-4181-B4E8-3A937106213F}.Production|Win32.ActiveCfg = Release|Any CPU
		{184E33B1-B750-4181-B4E8-3A937106213F}.Production|x64.ActiveCfg = Release|Any CPU
		{184E33B1-B750-4181-B4E8-3A937106213F}.Production|x86.ActiveCfg = Release|Any CPU
		{184E33B1-B750-4181-B4E8-3A937106213F}.Release|Any CPU.ActiveCfg = Release|Any CPU
		{184E33B1-B750-4181-B4E8-3A937106213F}.Release|Any CPU.Build.0 = Release|Any CPU
		{184E33B1-B750-4181-B4E8-3A937106213F}.Release|Mixed Platforms.ActiveCfg = Release|Any CPU
		{184E33B1-B750-4181-B4E8-3A937106213F}.Release|Mixed Platforms.Build.0 = Release|Any CPU
		{184E33B1-B750-4181-B4E8-3A937106213F}.Release|Win32.ActiveCfg = Release|Any CPU
		{184E33B1-B750-4181-B4E8-3A937106213F}.Release|x64.ActiveCfg = Release|Any CPU
		{184E33B1-B750-4181-B4E8-3A937106213F}.Release|x86.ActiveCfg = Release|Any CPU
		{184E33B1-B750-4181-B4E8-3A937106213F}.UnitTests|Any CPU.ActiveCfg = Release|Any CPU
		{184E33B1-B750-4181-B4E8-3A937106213F}.UnitTests|Any CPU.Build.0 = Release|Any CPU
		{184E33B1-B750-4181-B4E8-3A937106213F}.UnitTests|Mixed Platforms.ActiveCfg = Release|Any CPU
		{184E33B1-B750-4181-B4E8-3A937106213F}.UnitTests|Mixed Platforms.Build.0 = Release|Any CPU
		{184E33B1-B750-4181-B4E8-3A937106213F}.UnitTests|Win32.ActiveCfg = Release|Any CPU
		{184E33B1-B750-4181-B4E8-3A937106213F}.UnitTests|x64.ActiveCfg = Release|Any CPU
		{184E33B1-B750-4181-B4E8-3A937106213F}.UnitTests|x86.ActiveCfg = Release|Any CPU
		{06024BC0-0061-4902-8C50-4EAB7913C8AA}.Debug|Any CPU.ActiveCfg = Debug|Any CPU
		{06024BC0-0061-4902-8C50-4EAB7913C8AA}.Debug|Any CPU.Build.0 = Debug|Any CPU
		{06024BC0-0061-4902-8C50-4EAB7913C8AA}.Debug|Mixed Platforms.ActiveCfg = Debug|Any CPU
		{06024BC0-0061-4902-8C50-4EAB7913C8AA}.Debug|Mixed Platforms.Build.0 = Debug|Any CPU
		{06024BC0-0061-4902-8C50-4EAB7913C8AA}.Debug|Win32.ActiveCfg = Debug|x86
		{06024BC0-0061-4902-8C50-4EAB7913C8AA}.Debug|Win32.Build.0 = Debug|x86
		{06024BC0-0061-4902-8C50-4EAB7913C8AA}.Debug|x64.ActiveCfg = Debug|Any CPU
		{06024BC0-0061-4902-8C50-4EAB7913C8AA}.Debug|x86.ActiveCfg = Debug|Any CPU
		{06024BC0-0061-4902-8C50-4EAB7913C8AA}.Production|Any CPU.ActiveCfg = Release|Any CPU
		{06024BC0-0061-4902-8C50-4EAB7913C8AA}.Production|Any CPU.Build.0 = Release|Any CPU
		{06024BC0-0061-4902-8C50-4EAB7913C8AA}.Production|Mixed Platforms.ActiveCfg = Release|Any CPU
		{06024BC0-0061-4902-8C50-4EAB7913C8AA}.Production|Mixed Platforms.Build.0 = Release|Any CPU
		{06024BC0-0061-4902-8C50-4EAB7913C8AA}.Production|Win32.ActiveCfg = Debug|x86
		{06024BC0-0061-4902-8C50-4EAB7913C8AA}.Production|Win32.Build.0 = Debug|x86
		{06024BC0-0061-4902-8C50-4EAB7913C8AA}.Production|x64.ActiveCfg = Release|Any CPU
		{06024BC0-0061-4902-8C50-4EAB7913C8AA}.Production|x86.ActiveCfg = Release|Any CPU
		{06024BC0-0061-4902-8C50-4EAB7913C8AA}.Release|Any CPU.ActiveCfg = Release|Any CPU
		{06024BC0-0061-4902-8C50-4EAB7913C8AA}.Release|Any CPU.Build.0 = Release|Any CPU
		{06024BC0-0061-4902-8C50-4EAB7913C8AA}.Release|Mixed Platforms.ActiveCfg = Release|Any CPU
		{06024BC0-0061-4902-8C50-4EAB7913C8AA}.Release|Mixed Platforms.Build.0 = Release|Any CPU
		{06024BC0-0061-4902-8C50-4EAB7913C8AA}.Release|Win32.ActiveCfg = Release|x86
		{06024BC0-0061-4902-8C50-4EAB7913C8AA}.Release|Win32.Build.0 = Release|x86
		{06024BC0-0061-4902-8C50-4EAB7913C8AA}.Release|x64.ActiveCfg = Release|Any CPU
		{06024BC0-0061-4902-8C50-4EAB7913C8AA}.Release|x86.ActiveCfg = Release|x86
		{06024BC0-0061-4902-8C50-4EAB7913C8AA}.Release|x86.Build.0 = Release|x86
		{06024BC0-0061-4902-8C50-4EAB7913C8AA}.UnitTests|Any CPU.ActiveCfg = Release|Any CPU
		{06024BC0-0061-4902-8C50-4EAB7913C8AA}.UnitTests|Any CPU.Build.0 = Release|Any CPU
		{06024BC0-0061-4902-8C50-4EAB7913C8AA}.UnitTests|Mixed Platforms.ActiveCfg = Release|Any CPU
		{06024BC0-0061-4902-8C50-4EAB7913C8AA}.UnitTests|Mixed Platforms.Build.0 = Release|Any CPU
		{06024BC0-0061-4902-8C50-4EAB7913C8AA}.UnitTests|Win32.ActiveCfg = Debug|x86
		{06024BC0-0061-4902-8C50-4EAB7913C8AA}.UnitTests|Win32.Build.0 = Debug|x86
		{06024BC0-0061-4902-8C50-4EAB7913C8AA}.UnitTests|x64.ActiveCfg = Release|Any CPU
		{06024BC0-0061-4902-8C50-4EAB7913C8AA}.UnitTests|x86.ActiveCfg = Release|Any CPU
		{2F43D637-ABE8-4DF9-B227-6990E02EDB2D}.Debug|Any CPU.ActiveCfg = Debug|Any CPU
		{2F43D637-ABE8-4DF9-B227-6990E02EDB2D}.Debug|Any CPU.Build.0 = Debug|Any CPU
		{2F43D637-ABE8-4DF9-B227-6990E02EDB2D}.Debug|Mixed Platforms.ActiveCfg = Debug|Any CPU
		{2F43D637-ABE8-4DF9-B227-6990E02EDB2D}.Debug|Mixed Platforms.Build.0 = Debug|Any CPU
		{2F43D637-ABE8-4DF9-B227-6990E02EDB2D}.Debug|Win32.ActiveCfg = Debug|Any CPU
		{2F43D637-ABE8-4DF9-B227-6990E02EDB2D}.Debug|x64.ActiveCfg = Debug|Any CPU
		{2F43D637-ABE8-4DF9-B227-6990E02EDB2D}.Debug|x64.Build.0 = Debug|Any CPU
		{2F43D637-ABE8-4DF9-B227-6990E02EDB2D}.Debug|x86.ActiveCfg = Debug|Any CPU
		{2F43D637-ABE8-4DF9-B227-6990E02EDB2D}.Production|Any CPU.ActiveCfg = Release|Any CPU
		{2F43D637-ABE8-4DF9-B227-6990E02EDB2D}.Production|Any CPU.Build.0 = Release|Any CPU
		{2F43D637-ABE8-4DF9-B227-6990E02EDB2D}.Production|Mixed Platforms.ActiveCfg = Release|Any CPU
		{2F43D637-ABE8-4DF9-B227-6990E02EDB2D}.Production|Mixed Platforms.Build.0 = Release|Any CPU
		{2F43D637-ABE8-4DF9-B227-6990E02EDB2D}.Production|Win32.ActiveCfg = Release|Any CPU
		{2F43D637-ABE8-4DF9-B227-6990E02EDB2D}.Production|x64.ActiveCfg = Release|Any CPU
		{2F43D637-ABE8-4DF9-B227-6990E02EDB2D}.Production|x86.ActiveCfg = Release|Any CPU
		{2F43D637-ABE8-4DF9-B227-6990E02EDB2D}.Release|Any CPU.ActiveCfg = Release|Any CPU
		{2F43D637-ABE8-4DF9-B227-6990E02EDB2D}.Release|Any CPU.Build.0 = Release|Any CPU
		{2F43D637-ABE8-4DF9-B227-6990E02EDB2D}.Release|Mixed Platforms.ActiveCfg = Release|Any CPU
		{2F43D637-ABE8-4DF9-B227-6990E02EDB2D}.Release|Mixed Platforms.Build.0 = Release|Any CPU
		{2F43D637-ABE8-4DF9-B227-6990E02EDB2D}.Release|Win32.ActiveCfg = Release|Any CPU
		{2F43D637-ABE8-4DF9-B227-6990E02EDB2D}.Release|x64.ActiveCfg = Release|Any CPU
		{2F43D637-ABE8-4DF9-B227-6990E02EDB2D}.Release|x86.ActiveCfg = Release|Any CPU
		{2F43D637-ABE8-4DF9-B227-6990E02EDB2D}.UnitTests|Any CPU.ActiveCfg = Release|Any CPU
		{2F43D637-ABE8-4DF9-B227-6990E02EDB2D}.UnitTests|Any CPU.Build.0 = Release|Any CPU
		{2F43D637-ABE8-4DF9-B227-6990E02EDB2D}.UnitTests|Mixed Platforms.ActiveCfg = Release|Any CPU
		{2F43D637-ABE8-4DF9-B227-6990E02EDB2D}.UnitTests|Mixed Platforms.Build.0 = Release|Any CPU
		{2F43D637-ABE8-4DF9-B227-6990E02EDB2D}.UnitTests|Win32.ActiveCfg = Release|Any CPU
		{2F43D637-ABE8-4DF9-B227-6990E02EDB2D}.UnitTests|x64.ActiveCfg = Release|Any CPU
		{2F43D637-ABE8-4DF9-B227-6990E02EDB2D}.UnitTests|x86.ActiveCfg = Release|Any CPU
		{483EEF11-51FB-4828-A98B-FB16EF92D507}.Debug|Any CPU.ActiveCfg = Debug|Any CPU
		{483EEF11-51FB-4828-A98B-FB16EF92D507}.Debug|Any CPU.Build.0 = Debug|Any CPU
		{483EEF11-51FB-4828-A98B-FB16EF92D507}.Debug|Mixed Platforms.ActiveCfg = Debug|Any CPU
		{483EEF11-51FB-4828-A98B-FB16EF92D507}.Debug|Mixed Platforms.Build.0 = Debug|Any CPU
		{483EEF11-51FB-4828-A98B-FB16EF92D507}.Debug|Win32.ActiveCfg = Debug|Any CPU
		{483EEF11-51FB-4828-A98B-FB16EF92D507}.Debug|x64.ActiveCfg = Debug|x86
		{483EEF11-51FB-4828-A98B-FB16EF92D507}.Debug|x64.Build.0 = Debug|x86
		{483EEF11-51FB-4828-A98B-FB16EF92D507}.Debug|x86.ActiveCfg = Debug|Any CPU
		{483EEF11-51FB-4828-A98B-FB16EF92D507}.Production|Any CPU.ActiveCfg = Release|Any CPU
		{483EEF11-51FB-4828-A98B-FB16EF92D507}.Production|Any CPU.Build.0 = Release|Any CPU
		{483EEF11-51FB-4828-A98B-FB16EF92D507}.Production|Mixed Platforms.ActiveCfg = Release|Any CPU
		{483EEF11-51FB-4828-A98B-FB16EF92D507}.Production|Mixed Platforms.Build.0 = Release|Any CPU
		{483EEF11-51FB-4828-A98B-FB16EF92D507}.Production|Win32.ActiveCfg = Release|Any CPU
		{483EEF11-51FB-4828-A98B-FB16EF92D507}.Production|x64.ActiveCfg = Release|Any CPU
		{483EEF11-51FB-4828-A98B-FB16EF92D507}.Production|x86.ActiveCfg = Release|Any CPU
		{483EEF11-51FB-4828-A98B-FB16EF92D507}.Release|Any CPU.ActiveCfg = Release|Any CPU
		{483EEF11-51FB-4828-A98B-FB16EF92D507}.Release|Any CPU.Build.0 = Release|Any CPU
		{483EEF11-51FB-4828-A98B-FB16EF92D507}.Release|Mixed Platforms.ActiveCfg = Release|Any CPU
		{483EEF11-51FB-4828-A98B-FB16EF92D507}.Release|Mixed Platforms.Build.0 = Release|Any CPU
		{483EEF11-51FB-4828-A98B-FB16EF92D507}.Release|Win32.ActiveCfg = Release|Any CPU
		{483EEF11-51FB-4828-A98B-FB16EF92D507}.Release|x64.ActiveCfg = Release|Any CPU
		{483EEF11-51FB-4828-A98B-FB16EF92D507}.Release|x86.ActiveCfg = Release|Any CPU
		{483EEF11-51FB-4828-A98B-FB16EF92D507}.UnitTests|Any CPU.ActiveCfg = Release|Any CPU
		{483EEF11-51FB-4828-A98B-FB16EF92D507}.UnitTests|Any CPU.Build.0 = Release|Any CPU
		{483EEF11-51FB-4828-A98B-FB16EF92D507}.UnitTests|Mixed Platforms.ActiveCfg = Release|Any CPU
		{483EEF11-51FB-4828-A98B-FB16EF92D507}.UnitTests|Mixed Platforms.Build.0 = Release|Any CPU
		{483EEF11-51FB-4828-A98B-FB16EF92D507}.UnitTests|Win32.ActiveCfg = Release|Any CPU
		{483EEF11-51FB-4828-A98B-FB16EF92D507}.UnitTests|x64.ActiveCfg = Release|Any CPU
		{483EEF11-51FB-4828-A98B-FB16EF92D507}.UnitTests|x86.ActiveCfg = Release|Any CPU
		{D95C7815-F060-4023-99A1-865CE88FE3A5}.Debug|Any CPU.ActiveCfg = Debug|Win32
		{D95C7815-F060-4023-99A1-865CE88FE3A5}.Debug|Mixed Platforms.ActiveCfg = Debug|Win32
		{D95C7815-F060-4023-99A1-865CE88FE3A5}.Debug|Mixed Platforms.Build.0 = Debug|Win32
		{D95C7815-F060-4023-99A1-865CE88FE3A5}.Debug|Win32.ActiveCfg = Debug|Win32
		{D95C7815-F060-4023-99A1-865CE88FE3A5}.Debug|Win32.Build.0 = Debug|Win32
		{D95C7815-F060-4023-99A1-865CE88FE3A5}.Debug|x64.ActiveCfg = Debug|Win32
		{D95C7815-F060-4023-99A1-865CE88FE3A5}.Debug|x64.Build.0 = Debug|Win32
		{D95C7815-F060-4023-99A1-865CE88FE3A5}.Debug|x86.ActiveCfg = Debug|x64
		{D95C7815-F060-4023-99A1-865CE88FE3A5}.Debug|x86.Build.0 = Debug|x64
		{D95C7815-F060-4023-99A1-865CE88FE3A5}.Production|Any CPU.ActiveCfg = Release|Win32
		{D95C7815-F060-4023-99A1-865CE88FE3A5}.Production|Mixed Platforms.ActiveCfg = Release|Win32
		{D95C7815-F060-4023-99A1-865CE88FE3A5}.Production|Mixed Platforms.Build.0 = Release|Win32
		{D95C7815-F060-4023-99A1-865CE88FE3A5}.Production|Win32.ActiveCfg = Release|Win32
		{D95C7815-F060-4023-99A1-865CE88FE3A5}.Production|Win32.Build.0 = Release|Win32
		{D95C7815-F060-4023-99A1-865CE88FE3A5}.Production|x64.ActiveCfg = Release|Win32
		{D95C7815-F060-4023-99A1-865CE88FE3A5}.Production|x86.ActiveCfg = Release|Win32
		{D95C7815-F060-4023-99A1-865CE88FE3A5}.Production|x86.Build.0 = Release|Win32
		{D95C7815-F060-4023-99A1-865CE88FE3A5}.Release|Any CPU.ActiveCfg = Release|Win32
		{D95C7815-F060-4023-99A1-865CE88FE3A5}.Release|Mixed Platforms.ActiveCfg = Release|Win32
		{D95C7815-F060-4023-99A1-865CE88FE3A5}.Release|Mixed Platforms.Build.0 = Release|Win32
		{D95C7815-F060-4023-99A1-865CE88FE3A5}.Release|Win32.ActiveCfg = Release|Win32
		{D95C7815-F060-4023-99A1-865CE88FE3A5}.Release|Win32.Build.0 = Release|Win32
		{D95C7815-F060-4023-99A1-865CE88FE3A5}.Release|x64.ActiveCfg = Release|Win32
		{D95C7815-F060-4023-99A1-865CE88FE3A5}.Release|x86.ActiveCfg = Release|x64
		{D95C7815-F060-4023-99A1-865CE88FE3A5}.Release|x86.Build.0 = Release|x64
		{D95C7815-F060-4023-99A1-865CE88FE3A5}.UnitTests|Any CPU.ActiveCfg = Release|Win32
		{D95C7815-F060-4023-99A1-865CE88FE3A5}.UnitTests|Mixed Platforms.ActiveCfg = Release|Win32
		{D95C7815-F060-4023-99A1-865CE88FE3A5}.UnitTests|Mixed Platforms.Build.0 = Release|Win32
		{D95C7815-F060-4023-99A1-865CE88FE3A5}.UnitTests|Win32.ActiveCfg = Release|Win32
		{D95C7815-F060-4023-99A1-865CE88FE3A5}.UnitTests|Win32.Build.0 = Release|Win32
		{D95C7815-F060-4023-99A1-865CE88FE3A5}.UnitTests|x64.ActiveCfg = Release|Win32
		{D95C7815-F060-4023-99A1-865CE88FE3A5}.UnitTests|x86.ActiveCfg = Release|Win32
		{D95C7815-F060-4023-99A1-865CE88FE3A5}.UnitTests|x86.Build.0 = Release|Win32
	EndGlobalSection
	GlobalSection(SolutionProperties) = preSolution
		HideSolutionNode = FALSE
	EndGlobalSection
EndGlobal
