
Microsoft Visual Studio Solution File, Format Version 12.00
# Visual Studio 2012
Project("{FAE04EC0-301F-11D3-BF4B-00C04F79EFBC}") = "CSharpFITS", "CSharpFITS\CSharpFITS.csproj", "{93C93A99-D18F-495E-8AC9-6B6F6F7F273E}"
EndProject
Project("{FAE04EC0-301F-11D3-BF4B-00C04F79EFBC}") = "Tangra 3.Windows", "Tangra 3\Tangra 3.Windows.csproj", "{A5DB96B1-35BE-47F8-AA30-FB223E637E35}"
	ProjectSection(ProjectDependencies) = postProject
		{A1F10749-934F-4AE1-BFDB-66A23D8C1393} = {A1F10749-934F-4AE1-BFDB-66A23D8C1393}
		{93C93A99-D18F-495E-8AC9-6B6F6F7F273E} = {93C93A99-D18F-495E-8AC9-6B6F6F7F273E}
	EndProjectSection
EndProject
Project("{8BC9CEB8-8B4A-11D0-8D11-00A0C91BC942}") = "Tangra.Video", "Tangra.Video\Windows\Tangra.Video.vcxproj", "{A1F10749-934F-4AE1-BFDB-66A23D8C1393}"
EndProject
Project("{FAE04EC0-301F-11D3-BF4B-00C04F79EFBC}") = "Tangra.Model", "Tangra.Model\Tangra.Model.csproj", "{70BBC9A7-7DD9-4A4D-B972-6665C65875C6}"
EndProject
Project("{FAE04EC0-301F-11D3-BF4B-00C04F79EFBC}") = "Tangra.SDK", "Tangra.SDK\Tangra.SDK.csproj", "{BEA778EE-F0BE-49F3-BEE4-0B8ED2D778F9}"
EndProject
Project("{FAE04EC0-301F-11D3-BF4B-00C04F79EFBC}") = "Tangra.Addins", "Tangra.Addins\Tangra.Addins.csproj", "{59953BA2-F96E-421D-BF36-257388AC33BF}"
EndProject
Project("{FAE04EC0-301F-11D3-BF4B-00C04F79EFBC}") = "AutoUpdate", "AutoUpdate\AutoUpdate.csproj", "{C4AD98C2-3E0A-4AB2-B7D1-31A5E13F2BDC}"
EndProject
Project("{FAE04EC0-301F-11D3-BF4B-00C04F79EFBC}") = "AutoUpdateSelfUpdate", "AutoUpdate\AutoUpdateSelfUpdate\AutoUpdateSelfUpdate.csproj", "{16959003-A7F6-424A-BB62-7E6914240F9B}"
EndProject
Global
	GlobalSection(SolutionConfigurationPlatforms) = preSolution
		Debug|Any CPU = Debug|Any CPU
		Debug|Mixed Platforms = Debug|Mixed Platforms
		Debug|x64 = Debug|x64
		Debug|x86 = Debug|x86
		Production|Any CPU = Production|Any CPU
		Production|Mixed Platforms = Production|Mixed Platforms
		Production|x64 = Production|x64
		Production|x86 = Production|x86
		Release|Any CPU = Release|Any CPU
		Release|Mixed Platforms = Release|Mixed Platforms
		Release|x64 = Release|x64
		Release|x86 = Release|x86
		UnitTests|Any CPU = UnitTests|Any CPU
		UnitTests|Mixed Platforms = UnitTests|Mixed Platforms
		UnitTests|x64 = UnitTests|x64
		UnitTests|x86 = UnitTests|x86
	EndGlobalSection
	GlobalSection(ProjectConfigurationPlatforms) = postSolution
		{93C93A99-D18F-495E-8AC9-6B6F6F7F273E}.Debug|Any CPU.ActiveCfg = Debug|x86
		{93C93A99-D18F-495E-8AC9-6B6F6F7F273E}.Debug|Mixed Platforms.ActiveCfg = Debug|x86
		{93C93A99-D18F-495E-8AC9-6B6F6F7F273E}.Debug|Mixed Platforms.Build.0 = Debug|x86
		{93C93A99-D18F-495E-8AC9-6B6F6F7F273E}.Debug|x64.ActiveCfg = Debug|x64
		{93C93A99-D18F-495E-8AC9-6B6F6F7F273E}.Debug|x64.Build.0 = Debug|x64
		{93C93A99-D18F-495E-8AC9-6B6F6F7F273E}.Debug|x86.ActiveCfg = Debug|x86
		{93C93A99-D18F-495E-8AC9-6B6F6F7F273E}.Debug|x86.Build.0 = Debug|x86
		{93C93A99-D18F-495E-8AC9-6B6F6F7F273E}.Production|Any CPU.ActiveCfg = Release|x86
		{93C93A99-D18F-495E-8AC9-6B6F6F7F273E}.Production|Mixed Platforms.ActiveCfg = Release|x86
		{93C93A99-D18F-495E-8AC9-6B6F6F7F273E}.Production|Mixed Platforms.Build.0 = Release|x86
		{93C93A99-D18F-495E-8AC9-6B6F6F7F273E}.Production|x64.ActiveCfg = Release|x64
		{93C93A99-D18F-495E-8AC9-6B6F6F7F273E}.Production|x64.Build.0 = Release|x64
		{93C93A99-D18F-495E-8AC9-6B6F6F7F273E}.Production|x86.ActiveCfg = Release|x86
		{93C93A99-D18F-495E-8AC9-6B6F6F7F273E}.Production|x86.Build.0 = Release|x86
		{93C93A99-D18F-495E-8AC9-6B6F6F7F273E}.Release|Any CPU.ActiveCfg = Release|x86
		{93C93A99-D18F-495E-8AC9-6B6F6F7F273E}.Release|Mixed Platforms.ActiveCfg = Release|x86
		{93C93A99-D18F-495E-8AC9-6B6F6F7F273E}.Release|Mixed Platforms.Build.0 = Release|x86
		{93C93A99-D18F-495E-8AC9-6B6F6F7F273E}.Release|x64.ActiveCfg = Release|x64
		{93C93A99-D18F-495E-8AC9-6B6F6F7F273E}.Release|x64.Build.0 = Release|x64
		{93C93A99-D18F-495E-8AC9-6B6F6F7F273E}.Release|x86.ActiveCfg = Release|x86
		{93C93A99-D18F-495E-8AC9-6B6F6F7F273E}.Release|x86.Build.0 = Release|x86
		{93C93A99-D18F-495E-8AC9-6B6F6F7F273E}.UnitTests|Any CPU.ActiveCfg = Release|x86
		{93C93A99-D18F-495E-8AC9-6B6F6F7F273E}.UnitTests|Mixed Platforms.ActiveCfg = Release|x86
		{93C93A99-D18F-495E-8AC9-6B6F6F7F273E}.UnitTests|Mixed Platforms.Build.0 = Release|x86
		{93C93A99-D18F-495E-8AC9-6B6F6F7F273E}.UnitTests|x64.ActiveCfg = Release|x64
		{93C93A99-D18F-495E-8AC9-6B6F6F7F273E}.UnitTests|x64.Build.0 = Release|x64
		{93C93A99-D18F-495E-8AC9-6B6F6F7F273E}.UnitTests|x86.ActiveCfg = Release|x86
		{93C93A99-D18F-495E-8AC9-6B6F6F7F273E}.UnitTests|x86.Build.0 = Release|x86
		{A5DB96B1-35BE-47F8-AA30-FB223E637E35}.Debug|Any CPU.ActiveCfg = Debug|x86
		{A5DB96B1-35BE-47F8-AA30-FB223E637E35}.Debug|Mixed Platforms.ActiveCfg = Debug|x86
		{A5DB96B1-35BE-47F8-AA30-FB223E637E35}.Debug|Mixed Platforms.Build.0 = Debug|x86
		{A5DB96B1-35BE-47F8-AA30-FB223E637E35}.Debug|x64.ActiveCfg = Debug|x64
		{A5DB96B1-35BE-47F8-AA30-FB223E637E35}.Debug|x64.Build.0 = Debug|x64
		{A5DB96B1-35BE-47F8-AA30-FB223E637E35}.Debug|x86.ActiveCfg = Debug|x86
		{A5DB96B1-35BE-47F8-AA30-FB223E637E35}.Debug|x86.Build.0 = Debug|x86
		{A5DB96B1-35BE-47F8-AA30-FB223E637E35}.Production|Any CPU.ActiveCfg = Release|x86
		{A5DB96B1-35BE-47F8-AA30-FB223E637E35}.Production|Mixed Platforms.ActiveCfg = Release|x86
		{A5DB96B1-35BE-47F8-AA30-FB223E637E35}.Production|Mixed Platforms.Build.0 = Release|x86
		{A5DB96B1-35BE-47F8-AA30-FB223E637E35}.Production|x64.ActiveCfg = Release|x64
		{A5DB96B1-35BE-47F8-AA30-FB223E637E35}.Production|x64.Build.0 = Release|x64
		{A5DB96B1-35BE-47F8-AA30-FB223E637E35}.Production|x86.ActiveCfg = Release|x86
		{A5DB96B1-35BE-47F8-AA30-FB223E637E35}.Production|x86.Build.0 = Release|x86
		{A5DB96B1-35BE-47F8-AA30-FB223E637E35}.Release|Any CPU.ActiveCfg = Release|x86
		{A5DB96B1-35BE-47F8-AA30-FB223E637E35}.Release|Mixed Platforms.ActiveCfg = Release|x86
		{A5DB96B1-35BE-47F8-AA30-FB223E637E35}.Release|Mixed Platforms.Build.0 = Release|x86
		{A5DB96B1-35BE-47F8-AA30-FB223E637E35}.Release|x64.ActiveCfg = Release|x64
		{A5DB96B1-35BE-47F8-AA30-FB223E637E35}.Release|x64.Build.0 = Release|x64
		{A5DB96B1-35BE-47F8-AA30-FB223E637E35}.Release|x86.ActiveCfg = Release|x86
		{A5DB96B1-35BE-47F8-AA30-FB223E637E35}.Release|x86.Build.0 = Release|x86
		{A5DB96B1-35BE-47F8-AA30-FB223E637E35}.UnitTests|Any CPU.ActiveCfg = Release|x86
		{A5DB96B1-35BE-47F8-AA30-FB223E637E35}.UnitTests|Mixed Platforms.ActiveCfg = Release|x86
		{A5DB96B1-35BE-47F8-AA30-FB223E637E35}.UnitTests|Mixed Platforms.Build.0 = Release|x86
		{A5DB96B1-35BE-47F8-AA30-FB223E637E35}.UnitTests|x64.ActiveCfg = Release|x64
		{A5DB96B1-35BE-47F8-AA30-FB223E637E35}.UnitTests|x64.Build.0 = Release|x64
		{A5DB96B1-35BE-47F8-AA30-FB223E637E35}.UnitTests|x86.ActiveCfg = Release|x86
		{A5DB96B1-35BE-47F8-AA30-FB223E637E35}.UnitTests|x86.Build.0 = Release|x86
		{A1F10749-934F-4AE1-BFDB-66A23D8C1393}.Debug|Any CPU.ActiveCfg = Debug|Win32
		{A1F10749-934F-4AE1-BFDB-66A23D8C1393}.Debug|Mixed Platforms.ActiveCfg = Debug|Win32
		{A1F10749-934F-4AE1-BFDB-66A23D8C1393}.Debug|x64.ActiveCfg = Debug|x64
		{A1F10749-934F-4AE1-BFDB-66A23D8C1393}.Debug|x86.ActiveCfg = Debug|Win32
		{A1F10749-934F-4AE1-BFDB-66A23D8C1393}.Production|Any CPU.ActiveCfg = Release|Win32
		{A1F10749-934F-4AE1-BFDB-66A23D8C1393}.Production|Mixed Platforms.ActiveCfg = Release|Win32
		{A1F10749-934F-4AE1-BFDB-66A23D8C1393}.Production|Mixed Platforms.Build.0 = Release|Win32
		{A1F10749-934F-4AE1-BFDB-66A23D8C1393}.Production|x64.ActiveCfg = Release|x64
		{A1F10749-934F-4AE1-BFDB-66A23D8C1393}.Production|x64.Build.0 = Release|x64
		{A1F10749-934F-4AE1-BFDB-66A23D8C1393}.Production|x86.ActiveCfg = Release|Win32
		{A1F10749-934F-4AE1-BFDB-66A23D8C1393}.Production|x86.Build.0 = Release|Win32
		{A1F10749-934F-4AE1-BFDB-66A23D8C1393}.Release|Any CPU.ActiveCfg = Release|Win32
		{A1F10749-934F-4AE1-BFDB-66A23D8C1393}.Release|Mixed Platforms.ActiveCfg = Release|Win32
		{A1F10749-934F-4AE1-BFDB-66A23D8C1393}.Release|x64.ActiveCfg = Release|x64
		{A1F10749-934F-4AE1-BFDB-66A23D8C1393}.Release|x64.Build.0 = Release|x64
		{A1F10749-934F-4AE1-BFDB-66A23D8C1393}.Release|x86.ActiveCfg = Release|Win32
		{A1F10749-934F-4AE1-BFDB-66A23D8C1393}.Release|x86.Build.0 = Release|Win32
		{A1F10749-934F-4AE1-BFDB-66A23D8C1393}.UnitTests|Any CPU.ActiveCfg = Release|Win32
		{A1F10749-934F-4AE1-BFDB-66A23D8C1393}.UnitTests|Mixed Platforms.ActiveCfg = Release|Win32
		{A1F10749-934F-4AE1-BFDB-66A23D8C1393}.UnitTests|Mixed Platforms.Build.0 = Release|Win32
		{A1F10749-934F-4AE1-BFDB-66A23D8C1393}.UnitTests|x64.ActiveCfg = Release|x64
		{A1F10749-934F-4AE1-BFDB-66A23D8C1393}.UnitTests|x64.Build.0 = Release|x64
		{A1F10749-934F-4AE1-BFDB-66A23D8C1393}.UnitTests|x86.ActiveCfg = Release|Win32
		{A1F10749-934F-4AE1-BFDB-66A23D8C1393}.UnitTests|x86.Build.0 = Release|Win32
		{70BBC9A7-7DD9-4A4D-B972-6665C65875C6}.Debug|Any CPU.ActiveCfg = Debug|x86
		{70BBC9A7-7DD9-4A4D-B972-6665C65875C6}.Debug|Mixed Platforms.ActiveCfg = Debug|x86
		{70BBC9A7-7DD9-4A4D-B972-6665C65875C6}.Debug|Mixed Platforms.Build.0 = Debug|x86
		{70BBC9A7-7DD9-4A4D-B972-6665C65875C6}.Debug|x64.ActiveCfg = Debug|x64
		{70BBC9A7-7DD9-4A4D-B972-6665C65875C6}.Debug|x64.Build.0 = Debug|x64
		{70BBC9A7-7DD9-4A4D-B972-6665C65875C6}.Debug|x86.ActiveCfg = Debug|x86
		{70BBC9A7-7DD9-4A4D-B972-6665C65875C6}.Debug|x86.Build.0 = Debug|x86
		{70BBC9A7-7DD9-4A4D-B972-6665C65875C6}.Production|Any CPU.ActiveCfg = Release|x86
		{70BBC9A7-7DD9-4A4D-B972-6665C65875C6}.Production|Mixed Platforms.ActiveCfg = Release|x86
		{70BBC9A7-7DD9-4A4D-B972-6665C65875C6}.Production|Mixed Platforms.Build.0 = Release|x86
		{70BBC9A7-7DD9-4A4D-B972-6665C65875C6}.Production|x64.ActiveCfg = Release|x64
		{70BBC9A7-7DD9-4A4D-B972-6665C65875C6}.Production|x64.Build.0 = Release|x64
		{70BBC9A7-7DD9-4A4D-B972-6665C65875C6}.Production|x86.ActiveCfg = Release|x86
		{70BBC9A7-7DD9-4A4D-B972-6665C65875C6}.Production|x86.Build.0 = Release|x86
		{70BBC9A7-7DD9-4A4D-B972-6665C65875C6}.Release|Any CPU.ActiveCfg = Release|x86
		{70BBC9A7-7DD9-4A4D-B972-6665C65875C6}.Release|Mixed Platforms.ActiveCfg = Release|x86
		{70BBC9A7-7DD9-4A4D-B972-6665C65875C6}.Release|Mixed Platforms.Build.0 = Release|x86
		{70BBC9A7-7DD9-4A4D-B972-6665C65875C6}.Release|x64.ActiveCfg = Release|x64
		{70BBC9A7-7DD9-4A4D-B972-6665C65875C6}.Release|x64.Build.0 = Release|x64
		{70BBC9A7-7DD9-4A4D-B972-6665C65875C6}.Release|x86.ActiveCfg = Release|x86
		{70BBC9A7-7DD9-4A4D-B972-6665C65875C6}.Release|x86.Build.0 = Release|x86
		{70BBC9A7-7DD9-4A4D-B972-6665C65875C6}.UnitTests|Any CPU.ActiveCfg = Release|x86
		{70BBC9A7-7DD9-4A4D-B972-6665C65875C6}.UnitTests|Mixed Platforms.ActiveCfg = Release|x86
		{70BBC9A7-7DD9-4A4D-B972-6665C65875C6}.UnitTests|Mixed Platforms.Build.0 = Release|x86
		{70BBC9A7-7DD9-4A4D-B972-6665C65875C6}.UnitTests|x64.ActiveCfg = Release|x64
		{70BBC9A7-7DD9-4A4D-B972-6665C65875C6}.UnitTests|x64.Build.0 = Release|x64
		{70BBC9A7-7DD9-4A4D-B972-6665C65875C6}.UnitTests|x86.ActiveCfg = Release|x86
		{70BBC9A7-7DD9-4A4D-B972-6665C65875C6}.UnitTests|x86.Build.0 = Release|x86
		{BEA778EE-F0BE-49F3-BEE4-0B8ED2D778F9}.Debug|Any CPU.ActiveCfg = Debug|Any CPU
		{BEA778EE-F0BE-49F3-BEE4-0B8ED2D778F9}.Debug|Any CPU.Build.0 = Debug|Any CPU
		{BEA778EE-F0BE-49F3-BEE4-0B8ED2D778F9}.Debug|Mixed Platforms.ActiveCfg = Debug|Any CPU
		{BEA778EE-F0BE-49F3-BEE4-0B8ED2D778F9}.Debug|Mixed Platforms.Build.0 = Debug|Any CPU
		{BEA778EE-F0BE-49F3-BEE4-0B8ED2D778F9}.Debug|x64.ActiveCfg = Debug|Any CPU
		{BEA778EE-F0BE-49F3-BEE4-0B8ED2D778F9}.Debug|x86.ActiveCfg = Debug|x86
		{BEA778EE-F0BE-49F3-BEE4-0B8ED2D778F9}.Debug|x86.Build.0 = Debug|x86
		{BEA778EE-F0BE-49F3-BEE4-0B8ED2D778F9}.Production|Any CPU.ActiveCfg = Release|Any CPU
		{BEA778EE-F0BE-49F3-BEE4-0B8ED2D778F9}.Production|Any CPU.Build.0 = Release|Any CPU
		{BEA778EE-F0BE-49F3-BEE4-0B8ED2D778F9}.Production|Mixed Platforms.ActiveCfg = Release|x86
		{BEA778EE-F0BE-49F3-BEE4-0B8ED2D778F9}.Production|Mixed Platforms.Build.0 = Release|x86
		{BEA778EE-F0BE-49F3-BEE4-0B8ED2D778F9}.Production|x64.ActiveCfg = Release|Any CPU
		{BEA778EE-F0BE-49F3-BEE4-0B8ED2D778F9}.Production|x86.ActiveCfg = Release|x86
		{BEA778EE-F0BE-49F3-BEE4-0B8ED2D778F9}.Production|x86.Build.0 = Release|x86
		{BEA778EE-F0BE-49F3-BEE4-0B8ED2D778F9}.Release|Any CPU.ActiveCfg = Release|Any CPU
		{BEA778EE-F0BE-49F3-BEE4-0B8ED2D778F9}.Release|Any CPU.Build.0 = Release|Any CPU
		{BEA778EE-F0BE-49F3-BEE4-0B8ED2D778F9}.Release|Mixed Platforms.ActiveCfg = Release|Any CPU
		{BEA778EE-F0BE-49F3-BEE4-0B8ED2D778F9}.Release|Mixed Platforms.Build.0 = Release|Any CPU
		{BEA778EE-F0BE-49F3-BEE4-0B8ED2D778F9}.Release|x64.ActiveCfg = Release|Any CPU
		{BEA778EE-F0BE-49F3-BEE4-0B8ED2D778F9}.Release|x86.ActiveCfg = Release|x86
		{BEA778EE-F0BE-49F3-BEE4-0B8ED2D778F9}.Release|x86.Build.0 = Release|x86
		{BEA778EE-F0BE-49F3-BEE4-0B8ED2D778F9}.UnitTests|Any CPU.ActiveCfg = Release|Any CPU
		{BEA778EE-F0BE-49F3-BEE4-0B8ED2D778F9}.UnitTests|Any CPU.Build.0 = Release|Any CPU
		{BEA778EE-F0BE-49F3-BEE4-0B8ED2D778F9}.UnitTests|Mixed Platforms.ActiveCfg = Release|x86
		{BEA778EE-F0BE-49F3-BEE4-0B8ED2D778F9}.UnitTests|Mixed Platforms.Build.0 = Release|x86
		{BEA778EE-F0BE-49F3-BEE4-0B8ED2D778F9}.UnitTests|x64.ActiveCfg = Release|Any CPU
		{BEA778EE-F0BE-49F3-BEE4-0B8ED2D778F9}.UnitTests|x86.ActiveCfg = Release|x86
		{BEA778EE-F0BE-49F3-BEE4-0B8ED2D778F9}.UnitTests|x86.Build.0 = Release|x86
		{59953BA2-F96E-421D-BF36-257388AC33BF}.Debug|Any CPU.ActiveCfg = Debug|Any CPU
		{59953BA2-F96E-421D-BF36-257388AC33BF}.Debug|Any CPU.Build.0 = Debug|Any CPU
		{59953BA2-F96E-421D-BF36-257388AC33BF}.Debug|Mixed Platforms.ActiveCfg = Debug|Any CPU
		{59953BA2-F96E-421D-BF36-257388AC33BF}.Debug|Mixed Platforms.Build.0 = Debug|Any CPU
		{59953BA2-F96E-421D-BF36-257388AC33BF}.Debug|x64.ActiveCfg = Debug|Any CPU
		{59953BA2-F96E-421D-BF36-257388AC33BF}.Debug|x86.ActiveCfg = Debug|x86
		{59953BA2-F96E-421D-BF36-257388AC33BF}.Debug|x86.Build.0 = Debug|x86
		{59953BA2-F96E-421D-BF36-257388AC33BF}.Production|Any CPU.ActiveCfg = Release|Any CPU
		{59953BA2-F96E-421D-BF36-257388AC33BF}.Production|Any CPU.Build.0 = Release|Any CPU
		{59953BA2-F96E-421D-BF36-257388AC33BF}.Production|Mixed Platforms.ActiveCfg = Release|x86
		{59953BA2-F96E-421D-BF36-257388AC33BF}.Production|Mixed Platforms.Build.0 = Release|x86
		{59953BA2-F96E-421D-BF36-257388AC33BF}.Production|x64.ActiveCfg = Release|Any CPU
		{59953BA2-F96E-421D-BF36-257388AC33BF}.Production|x86.ActiveCfg = Release|x86
		{59953BA2-F96E-421D-BF36-257388AC33BF}.Production|x86.Build.0 = Release|x86
		{59953BA2-F96E-421D-BF36-257388AC33BF}.Release|Any CPU.ActiveCfg = Release|Any CPU
		{59953BA2-F96E-421D-BF36-257388AC33BF}.Release|Any CPU.Build.0 = Release|Any CPU
		{59953BA2-F96E-421D-BF36-257388AC33BF}.Release|Mixed Platforms.ActiveCfg = Release|Any CPU
		{59953BA2-F96E-421D-BF36-257388AC33BF}.Release|Mixed Platforms.Build.0 = Release|Any CPU
		{59953BA2-F96E-421D-BF36-257388AC33BF}.Release|x64.ActiveCfg = Release|Any CPU
		{59953BA2-F96E-421D-BF36-257388AC33BF}.Release|x86.ActiveCfg = Release|x86
		{59953BA2-F96E-421D-BF36-257388AC33BF}.Release|x86.Build.0 = Release|x86
		{59953BA2-F96E-421D-BF36-257388AC33BF}.UnitTests|Any CPU.ActiveCfg = Release|Any CPU
		{59953BA2-F96E-421D-BF36-257388AC33BF}.UnitTests|Any CPU.Build.0 = Release|Any CPU
		{59953BA2-F96E-421D-BF36-257388AC33BF}.UnitTests|Mixed Platforms.ActiveCfg = Release|x86
		{59953BA2-F96E-421D-BF36-257388AC33BF}.UnitTests|Mixed Platforms.Build.0 = Release|x86
		{59953BA2-F96E-421D-BF36-257388AC33BF}.UnitTests|x64.ActiveCfg = Release|Any CPU
		{59953BA2-F96E-421D-BF36-257388AC33BF}.UnitTests|x86.ActiveCfg = Release|x86
		{59953BA2-F96E-421D-BF36-257388AC33BF}.UnitTests|x86.Build.0 = Release|x86
		{C4AD98C2-3E0A-4AB2-B7D1-31A5E13F2BDC}.Debug|Any CPU.ActiveCfg = Debug|Any CPU
		{C4AD98C2-3E0A-4AB2-B7D1-31A5E13F2BDC}.Debug|Any CPU.Build.0 = Debug|Any CPU
		{C4AD98C2-3E0A-4AB2-B7D1-31A5E13F2BDC}.Debug|Mixed Platforms.ActiveCfg = Debug|x86
		{C4AD98C2-3E0A-4AB2-B7D1-31A5E13F2BDC}.Debug|Mixed Platforms.Build.0 = Debug|x86
		{C4AD98C2-3E0A-4AB2-B7D1-31A5E13F2BDC}.Debug|x64.ActiveCfg = Debug|Any CPU
		{C4AD98C2-3E0A-4AB2-B7D1-31A5E13F2BDC}.Debug|x86.ActiveCfg = Debug|x86
		{C4AD98C2-3E0A-4AB2-B7D1-31A5E13F2BDC}.Debug|x86.Build.0 = Debug|x86
		{C4AD98C2-3E0A-4AB2-B7D1-31A5E13F2BDC}.Production|Any CPU.ActiveCfg = Production|Any CPU
		{C4AD98C2-3E0A-4AB2-B7D1-31A5E13F2BDC}.Production|Any CPU.Build.0 = Production|Any CPU
		{C4AD98C2-3E0A-4AB2-B7D1-31A5E13F2BDC}.Production|Mixed Platforms.ActiveCfg = Production|x86
		{C4AD98C2-3E0A-4AB2-B7D1-31A5E13F2BDC}.Production|Mixed Platforms.Build.0 = Production|x86
		{C4AD98C2-3E0A-4AB2-B7D1-31A5E13F2BDC}.Production|x64.ActiveCfg = Production|Any CPU
		{C4AD98C2-3E0A-4AB2-B7D1-31A5E13F2BDC}.Production|x86.ActiveCfg = Production|x86
		{C4AD98C2-3E0A-4AB2-B7D1-31A5E13F2BDC}.Production|x86.Build.0 = Production|x86
		{C4AD98C2-3E0A-4AB2-B7D1-31A5E13F2BDC}.Release|Any CPU.ActiveCfg = Release|Any CPU
		{C4AD98C2-3E0A-4AB2-B7D1-31A5E13F2BDC}.Release|Any CPU.Build.0 = Release|Any CPU
		{C4AD98C2-3E0A-4AB2-B7D1-31A5E13F2BDC}.Release|Mixed Platforms.ActiveCfg = Release|x86
		{C4AD98C2-3E0A-4AB2-B7D1-31A5E13F2BDC}.Release|Mixed Platforms.Build.0 = Release|x86
		{C4AD98C2-3E0A-4AB2-B7D1-31A5E13F2BDC}.Release|x64.ActiveCfg = Release|Any CPU
		{C4AD98C2-3E0A-4AB2-B7D1-31A5E13F2BDC}.Release|x86.ActiveCfg = Release|x86
		{C4AD98C2-3E0A-4AB2-B7D1-31A5E13F2BDC}.Release|x86.Build.0 = Release|x86
		{C4AD98C2-3E0A-4AB2-B7D1-31A5E13F2BDC}.UnitTests|Any CPU.ActiveCfg = UnitTests|Any CPU
		{C4AD98C2-3E0A-4AB2-B7D1-31A5E13F2BDC}.UnitTests|Any CPU.Build.0 = UnitTests|Any CPU
		{C4AD98C2-3E0A-4AB2-B7D1-31A5E13F2BDC}.UnitTests|Mixed Platforms.ActiveCfg = UnitTests|x86
		{C4AD98C2-3E0A-4AB2-B7D1-31A5E13F2BDC}.UnitTests|Mixed Platforms.Build.0 = UnitTests|x86
		{C4AD98C2-3E0A-4AB2-B7D1-31A5E13F2BDC}.UnitTests|x64.ActiveCfg = UnitTests|Any CPU
		{C4AD98C2-3E0A-4AB2-B7D1-31A5E13F2BDC}.UnitTests|x86.ActiveCfg = UnitTests|x86
		{C4AD98C2-3E0A-4AB2-B7D1-31A5E13F2BDC}.UnitTests|x86.Build.0 = UnitTests|x86
		{16959003-A7F6-424A-BB62-7E6914240F9B}.Debug|Any CPU.ActiveCfg = Debug|Any CPU
		{16959003-A7F6-424A-BB62-7E6914240F9B}.Debug|Any CPU.Build.0 = Debug|Any CPU
		{16959003-A7F6-424A-BB62-7E6914240F9B}.Debug|Mixed Platforms.ActiveCfg = Debug|x86
		{16959003-A7F6-424A-BB62-7E6914240F9B}.Debug|Mixed Platforms.Build.0 = Debug|x86
		{16959003-A7F6-424A-BB62-7E6914240F9B}.Debug|x64.ActiveCfg = Debug|x64
		{16959003-A7F6-424A-BB62-7E6914240F9B}.Debug|x64.Build.0 = Debug|x64
		{16959003-A7F6-424A-BB62-7E6914240F9B}.Debug|x86.ActiveCfg = Debug|x86
		{16959003-A7F6-424A-BB62-7E6914240F9B}.Debug|x86.Build.0 = Debug|x86
		{16959003-A7F6-424A-BB62-7E6914240F9B}.Production|Any CPU.ActiveCfg = Production|Any CPU
		{16959003-A7F6-424A-BB62-7E6914240F9B}.Production|Any CPU.Build.0 = Production|Any CPU
		{16959003-A7F6-424A-BB62-7E6914240F9B}.Production|Mixed Platforms.ActiveCfg = Production|x86
		{16959003-A7F6-424A-BB62-7E6914240F9B}.Production|Mixed Platforms.Build.0 = Production|x86
		{16959003-A7F6-424A-BB62-7E6914240F9B}.Production|x64.ActiveCfg = Production|x64
		{16959003-A7F6-424A-BB62-7E6914240F9B}.Production|x64.Build.0 = Production|x64
		{16959003-A7F6-424A-BB62-7E6914240F9B}.Production|x86.ActiveCfg = Production|x86
		{16959003-A7F6-424A-BB62-7E6914240F9B}.Production|x86.Build.0 = Production|x86
		{16959003-A7F6-424A-BB62-7E6914240F9B}.Release|Any CPU.ActiveCfg = Release|Any CPU
		{16959003-A7F6-424A-BB62-7E6914240F9B}.Release|Any CPU.Build.0 = Release|Any CPU
		{16959003-A7F6-424A-BB62-7E6914240F9B}.Release|Mixed Platforms.ActiveCfg = Release|x86
		{16959003-A7F6-424A-BB62-7E6914240F9B}.Release|Mixed Platforms.Build.0 = Release|x86
		{16959003-A7F6-424A-BB62-7E6914240F9B}.Release|x64.ActiveCfg = Release|x64
		{16959003-A7F6-424A-BB62-7E6914240F9B}.Release|x64.Build.0 = Release|x64
		{16959003-A7F6-424A-BB62-7E6914240F9B}.Release|x86.ActiveCfg = Release|x86
		{16959003-A7F6-424A-BB62-7E6914240F9B}.Release|x86.Build.0 = Release|x86
		{16959003-A7F6-424A-BB62-7E6914240F9B}.UnitTests|Any CPU.ActiveCfg = UnitTests|Any CPU
		{16959003-A7F6-424A-BB62-7E6914240F9B}.UnitTests|Any CPU.Build.0 = UnitTests|Any CPU
		{16959003-A7F6-424A-BB62-7E6914240F9B}.UnitTests|Mixed Platforms.ActiveCfg = UnitTests|x86
		{16959003-A7F6-424A-BB62-7E6914240F9B}.UnitTests|Mixed Platforms.Build.0 = UnitTests|x86
		{16959003-A7F6-424A-BB62-7E6914240F9B}.UnitTests|x64.ActiveCfg = UnitTests|x64
		{16959003-A7F6-424A-BB62-7E6914240F9B}.UnitTests|x64.Build.0 = UnitTests|x64
		{16959003-A7F6-424A-BB62-7E6914240F9B}.UnitTests|x86.ActiveCfg = UnitTests|x86
		{16959003-A7F6-424A-BB62-7E6914240F9B}.UnitTests|x86.Build.0 = UnitTests|x86
	EndGlobalSection
	GlobalSection(SolutionProperties) = preSolution
		HideSolutionNode = FALSE
	EndGlobalSection
EndGlobal
